
Microsoft Visual Studio Solution File, Format Version 11.00
# Visual Studio 2010
Project("{8BC9CEB8-8B4A-11D0-8D11-00A0C91BC942}") = "FieldKit", "FieldKit.vcxproj", "{9DA00FEA-5218-413E-B762-35D91045B3B4}"
EndProject
Project("{8BC9CEB8-8B4A-11D0-8D11-00A0C91BC942}") = "VisionKit", "VisionKit.vcxproj", "{3097ACBD-6519-43F8-AB5E-978438784934}"
EndProject
Project("{8BC9CEB8-8B4A-11D0-8D11-00A0C91BC942}") = "FBXKit", "FBXKit.vcxproj", "{DE20FCA5-721F-4FD9-A2C8-5C2F691A2436}"
EndProject
Project("{8BC9CEB8-8B4A-11D0-8D11-00A0C91BC942}") = "GLKit", "GLKit.vcxproj", "{163E470E-0BB3-4402-9E07-747E42AA9718}"
EndProject
Project("{8BC9CEB8-8B4A-11D0-8D11-00A0C91BC942}") = "PhysicsKit", "PhysicsKit.vcxproj", "{FD7C08E4-317D-4B03-AFCD-6F3BC88EB168}"
EndProject
Project("{8BC9CEB8-8B4A-11D0-8D11-00A0C91BC942}") = "ScriptKit", "ScriptKit.vcxproj", "{07FD41AD-93FC-416D-8E8D-44093FA8D41D}"
EndProject
Global
	GlobalSection(SolutionConfigurationPlatforms) = preSolution
		Debug|Win32 = Debug|Win32
		Release|Win32 = Release|Win32
	EndGlobalSection
	GlobalSection(ProjectConfigurationPlatforms) = postSolution
		{9DA00FEA-5218-413E-B762-35D91045B3B4}.Debug|Win32.ActiveCfg = Debug|Win32
		{9DA00FEA-5218-413E-B762-35D91045B3B4}.Debug|Win32.Build.0 = Debug|Win32
		{9DA00FEA-5218-413E-B762-35D91045B3B4}.Release|Win32.ActiveCfg = Release|Win32
		{9DA00FEA-5218-413E-B762-35D91045B3B4}.Release|Win32.Build.0 = Release|Win32
		{3097ACBD-6519-43F8-AB5E-978438784934}.Debug|Win32.ActiveCfg = Debug|Win32
		{3097ACBD-6519-43F8-AB5E-978438784934}.Debug|Win32.Build.0 = Debug|Win32
		{3097ACBD-6519-43F8-AB5E-978438784934}.Release|Win32.ActiveCfg = Release|Win32
		{3097ACBD-6519-43F8-AB5E-978438784934}.Release|Win32.Build.0 = Release|Win32
		{DE20FCA5-721F-4FD9-A2C8-5C2F691A2436}.Debug|Win32.ActiveCfg = Debug|Win32
		{DE20FCA5-721F-4FD9-A2C8-5C2F691A2436}.Debug|Win32.Build.0 = Debug|Win32
		{DE20FCA5-721F-4FD9-A2C8-5C2F691A2436}.Release|Win32.ActiveCfg = Release|Win32
		{DE20FCA5-721F-4FD9-A2C8-5C2F691A2436}.Release|Win32.Build.0 = Release|Win32
		{163E470E-0BB3-4402-9E07-747E42AA9718}.Debug|Win32.ActiveCfg = Debug|Win32
		{163E470E-0BB3-4402-9E07-747E42AA9718}.Debug|Win32.Build.0 = Debug|Win32
		{163E470E-0BB3-4402-9E07-747E42AA9718}.Release|Win32.ActiveCfg = Release|Win32
		{163E470E-0BB3-4402-9E07-747E42AA9718}.Release|Win32.Build.0 = Release|Win32
		{FD7C08E4-317D-4B03-AFCD-6F3BC88EB168}.Debug|Win32.ActiveCfg = Debug|Win32
		{FD7C08E4-317D-4B03-AFCD-6F3BC88EB168}.Debug|Win32.Build.0 = Debug|Win32
		{FD7C08E4-317D-4B03-AFCD-6F3BC88EB168}.Release|Win32.ActiveCfg = Release|Win32
		{FD7C08E4-317D-4B03-AFCD-6F3BC88EB168}.Release|Win32.Build.0 = Release|Win32
		{07FD41AD-93FC-416D-8E8D-44093FA8D41D}.Debug|Win32.ActiveCfg = Debug|Win32
		{07FD41AD-93FC-416D-8E8D-44093FA8D41D}.Debug|Win32.Build.0 = Debug|Win32
		{07FD41AD-93FC-416D-8E8D-44093FA8D41D}.Release|Win32.ActiveCfg = Release|Win32
		{07FD41AD-93FC-416D-8E8D-44093FA8D41D}.Release|Win32.Build.0 = Release|Win32
	EndGlobalSection
	GlobalSection(SolutionProperties) = preSolution
		HideSolutionNode = FALSE
	EndGlobalSection
EndGlobal
