// !$*UTF8*$!
{
	archiveVersion = 1;
	classes = {
	};
	objectVersion = 46;
	objects = {

/* Begin PBXAggregateTarget section */
		2C0F8FFE11B1163900AD264D /* All Libraries */ = {
			isa = PBXAggregateTarget;
			buildConfigurationList = 2C0F900F11B1169700AD264D /* Build configuration list for PBXAggregateTarget "All Libraries" */;
			buildPhases = (
			);
			dependencies = (
				2C0F900411B1164200AD264D /* PBXTargetDependency */,
				2CA8347311DBBE8E00D5B37B /* PBXTargetDependency */,
				2CA8347111DBBE8E00D5B37B /* PBXTargetDependency */,
				2C240EE611CFC4F400856329 /* PBXTargetDependency */,
				2C240EE811CFC4F600856329 /* PBXTargetDependency */,
			);
			name = "All Libraries";
			productName = All;
		};
/* End PBXAggregateTarget section */

/* Begin PBXBuildFile section */
		2C0E69B311D16DC00035A10C /* FBXKit.h in Headers */ = {isa = PBXBuildFile; fileRef = 2C0E69B211D16DC00035A10C /* FBXKit.h */; };
		2C16CBDB11D944B10038C163 /* MathKit.h in Headers */ = {isa = PBXBuildFile; fileRef = 2C16CBDA11D944B10038C163 /* MathKit.h */; };
		2C16CBDD11D944BD0038C163 /* MathKit.cpp in Sources */ = {isa = PBXBuildFile; fileRef = 2C16CBDC11D944BD0038C163 /* MathKit.cpp */; };
		2C16CBE111D944D70038C163 /* Logger.cpp in Sources */ = {isa = PBXBuildFile; fileRef = 2C16CBE011D944D70038C163 /* Logger.cpp */; };
		2C16CBE311D944E30038C163 /* Logger.h in Headers */ = {isa = PBXBuildFile; fileRef = 2C16CBE211D944E30038C163 /* Logger.h */; };
		2C240DA311CFC11600856329 /* Cocoa.framework in Frameworks */ = {isa = PBXBuildFile; fileRef = 1058C7A1FEA54F0111CA2CBB /* Cocoa.framework */; };
		2C240DA411CFC11600856329 /* OpenGL.framework in Frameworks */ = {isa = PBXBuildFile; fileRef = 0091D8F80E81B9330029341E /* OpenGL.framework */; };
		2C240DA511CFC11600856329 /* Carbon.framework in Frameworks */ = {isa = PBXBuildFile; fileRef = 53E3CDFB0E86099300238D2B /* Carbon.framework */; };
		2C240DA611CFC11600856329 /* CoreVideo.framework in Frameworks */ = {isa = PBXBuildFile; fileRef = 5323E6B10EAFCA74003A9687 /* CoreVideo.framework */; };
		2C240DA711CFC11600856329 /* QTKit.framework in Frameworks */ = {isa = PBXBuildFile; fileRef = 5323E6B50EAFCA7E003A9687 /* QTKit.framework */; };
		2C240DA811CFC11600856329 /* QuickTime.framework in Frameworks */ = {isa = PBXBuildFile; fileRef = 0097E3E40F3E9819005A4392 /* QuickTime.framework */; };
		2C240DA911CFC11600856329 /* Accelerate.framework in Frameworks */ = {isa = PBXBuildFile; fileRef = 00B784AF0FF439BC000DE1D7 /* Accelerate.framework */; };
		2C240DAA11CFC11600856329 /* AudioToolbox.framework in Frameworks */ = {isa = PBXBuildFile; fileRef = 00B784B00FF439BC000DE1D7 /* AudioToolbox.framework */; };
		2C240DAB11CFC11600856329 /* AudioUnit.framework in Frameworks */ = {isa = PBXBuildFile; fileRef = 00B784B10FF439BC000DE1D7 /* AudioUnit.framework */; };
		2C240DAC11CFC11600856329 /* CoreAudio.framework in Frameworks */ = {isa = PBXBuildFile; fileRef = 00B784B20FF439BC000DE1D7 /* CoreAudio.framework */; };
		2C240E7D11CFC25400856329 /* AABB.h in Headers */ = {isa = PBXBuildFile; fileRef = 2C240DE211CFC1CD00856329 /* AABB.h */; };
		2C240E8211CFC25400856329 /* BoundingVolume.h in Headers */ = {isa = PBXBuildFile; fileRef = 2C240DE311CFC1CD00856329 /* BoundingVolume.h */; };
		2C240E8511CFC25400856329 /* FieldKit.h in Headers */ = {isa = PBXBuildFile; fileRef = 2C240DDF11CFC1CD00856329 /* FieldKit.h */; };
		2C240E8811CFC25400856329 /* Model.h in Headers */ = {isa = PBXBuildFile; fileRef = 2C240DFA11CFC1CD00856329 /* Model.h */; };
		2C240E9011CFC25400856329 /* SphereBound.h in Headers */ = {isa = PBXBuildFile; fileRef = 2C240DE411CFC1CD00856329 /* SphereBound.h */; };
		2C240E9311CFC25400856329 /* Tweak.h in Headers */ = {isa = PBXBuildFile; fileRef = 2C240DFB11CFC1CD00856329 /* Tweak.h */; };
		2C240E9411CFC26B00856329 /* AABB.cpp in Sources */ = {isa = PBXBuildFile; fileRef = 2C240E1E11CFC1DF00856329 /* AABB.cpp */; };
		2C240E9B11CFC26B00856329 /* Model.cpp in Sources */ = {isa = PBXBuildFile; fileRef = 2C240E3311CFC1DF00856329 /* Model.cpp */; };
		2C240EA311CFC26B00856329 /* SphereBound.cpp in Sources */ = {isa = PBXBuildFile; fileRef = 2C240E1F11CFC1DF00856329 /* SphereBound.cpp */; };
		2C240EA611CFC26B00856329 /* Tweak.cpp in Sources */ = {isa = PBXBuildFile; fileRef = 2C240E3411CFC1DF00856329 /* Tweak.cpp */; };
		2C240EA711CFC28C00856329 /* CinderRenderer.h in Headers */ = {isa = PBXBuildFile; fileRef = 2C240DD611CFC1CD00856329 /* CinderRenderer.h */; };
		2C240EA811CFC28C00856329 /* Common.h in Headers */ = {isa = PBXBuildFile; fileRef = 2C240DD711CFC1CD00856329 /* Common.h */; };
		2C240EAA11CFC28C00856329 /* Renderer.h in Headers */ = {isa = PBXBuildFile; fileRef = 2C240DD911CFC1CD00856329 /* Renderer.h */; };
		2C240EAB11CFC28C00856329 /* RendererDelegates.h in Headers */ = {isa = PBXBuildFile; fileRef = 2C240DDA11CFC1CD00856329 /* RendererDelegates.h */; };
		2C240EAC11CFC28C00856329 /* Scene.h in Headers */ = {isa = PBXBuildFile; fileRef = 2C240DDB11CFC1CD00856329 /* Scene.h */; };
		2C240EAD11CFC28C00856329 /* SceneController.h in Headers */ = {isa = PBXBuildFile; fileRef = 2C240DDC11CFC1CD00856329 /* SceneController.h */; };
		2C240EAE11CFC28C00856329 /* SceneImporter.h in Headers */ = {isa = PBXBuildFile; fileRef = 2C240DDD11CFC1CD00856329 /* SceneImporter.h */; };
		2C240EAF11CFC28C00856329 /* Texture.h in Headers */ = {isa = PBXBuildFile; fileRef = 2C240DDE11CFC1CD00856329 /* Texture.h */; };
		2C240EB011CFC29500856329 /* CinderRenderer.cpp in Sources */ = {isa = PBXBuildFile; fileRef = 2C240E1811CFC1DF00856329 /* CinderRenderer.cpp */; };
		2C240EB111CFC29500856329 /* Renderer.cpp in Sources */ = {isa = PBXBuildFile; fileRef = 2C240E1911CFC1DF00856329 /* Renderer.cpp */; };
		2C240EB211CFC29500856329 /* Scene.cpp in Sources */ = {isa = PBXBuildFile; fileRef = 2C240E1A11CFC1DF00856329 /* Scene.cpp */; };
		2C240EB311CFC29500856329 /* SceneController.cpp in Sources */ = {isa = PBXBuildFile; fileRef = 2C240E1B11CFC1DF00856329 /* SceneController.cpp */; };
		2C240EB411CFC29500856329 /* SceneImporter.cpp in Sources */ = {isa = PBXBuildFile; fileRef = 2C240E1C11CFC1DF00856329 /* SceneImporter.cpp */; };
		2C240EB511CFC2A600856329 /* Blob.h in Headers */ = {isa = PBXBuildFile; fileRef = 2C240E0A11CFC1CD00856329 /* Blob.h */; };
		2C240EB611CFC2A600856329 /* BlobEvent.h in Headers */ = {isa = PBXBuildFile; fileRef = 2C240E0B11CFC1CD00856329 /* BlobEvent.h */; };
		2C240EB711CFC2A600856329 /* BlobEventDispatcher.h in Headers */ = {isa = PBXBuildFile; fileRef = 2C240E0C11CFC1CD00856329 /* BlobEventDispatcher.h */; };
		2C240EB811CFC2A600856329 /* BlobEventListener.h in Headers */ = {isa = PBXBuildFile; fileRef = 2C240E0D11CFC1CD00856329 /* BlobEventListener.h */; };
		2C240EB911CFC2A600856329 /* Camera.h in Headers */ = {isa = PBXBuildFile; fileRef = 2C240DFE11CFC1CD00856329 /* Camera.h */; };
		2C240EBA11CFC2A600856329 /* CinderCamera.h in Headers */ = {isa = PBXBuildFile; fileRef = 2C240E0011CFC1CD00856329 /* CinderCamera.h */; };
		2C240EBB11CFC2A600856329 /* CinderVideoFileCapture.h in Headers */ = {isa = PBXBuildFile; fileRef = 2C240E0111CFC1CD00856329 /* CinderVideoFileCapture.h */; };
		2C240EBC11CFC2A600856329 /* constants.h in Headers */ = {isa = PBXBuildFile; fileRef = 2C240E0311CFC1CD00856329 /* constants.h */; };
		2C240EBD11CFC2A600856329 /* CVBlobDetector.h in Headers */ = {isa = PBXBuildFile; fileRef = 2C240E0E11CFC1CD00856329 /* CVBlobDetector.h */; };
		2C240EBE11CFC2A600856329 /* CVFrameProcessor.h in Headers */ = {isa = PBXBuildFile; fileRef = 2C240E0611CFC1CD00856329 /* CVFrameProcessor.h */; };
		2C240EBF11CFC2A600856329 /* CVImageCache.h in Headers */ = {isa = PBXBuildFile; fileRef = 2C240E0711CFC1CD00856329 /* CVImageCache.h */; };
		2C240EC011CFC2A600856329 /* CVProperty.h in Headers */ = {isa = PBXBuildFile; fileRef = 2C240E0811CFC1CD00856329 /* CVProperty.h */; };
		2C240EC111CFC2A600856329 /* CVStereoBlobDetector.h in Headers */ = {isa = PBXBuildFile; fileRef = 2C240E0F11CFC1CD00856329 /* CVStereoBlobDetector.h */; };
		2C240EC211CFC2A600856329 /* Gesture.h in Headers */ = {isa = PBXBuildFile; fileRef = 2C240E1011CFC1CD00856329 /* Gesture.h */; };
		2C240EC311CFC2A600856329 /* GestureEvent.h in Headers */ = {isa = PBXBuildFile; fileRef = 2C240E1111CFC1CD00856329 /* GestureEvent.h */; };
		2C240EC411CFC2A600856329 /* GestureEventDispatcher.h in Headers */ = {isa = PBXBuildFile; fileRef = 2C240E1211CFC1CD00856329 /* GestureEventDispatcher.h */; };
		2C240EC511CFC2A600856329 /* GestureEventListener.h in Headers */ = {isa = PBXBuildFile; fileRef = 2C240E1311CFC1CD00856329 /* GestureEventListener.h */; };
		2C240EC611CFC2A600856329 /* GestureTracker.h in Headers */ = {isa = PBXBuildFile; fileRef = 2C240E1411CFC1CD00856329 /* GestureTracker.h */; };
		2C240EC711CFC2A600856329 /* opencv.h in Headers */ = {isa = PBXBuildFile; fileRef = 2C240E0411CFC1CD00856329 /* opencv.h */; };
		2C240EC811CFC2A600856329 /* OpenCVCamera.h in Headers */ = {isa = PBXBuildFile; fileRef = 2C240E0211CFC1CD00856329 /* OpenCVCamera.h */; };
		2C240EC911CFC2A600856329 /* Vision.h in Headers */ = {isa = PBXBuildFile; fileRef = 2C240E1511CFC1CD00856329 /* Vision.h */; };
		2C240ECA11CFC2B200856329 /* Camera.cpp in Sources */ = {isa = PBXBuildFile; fileRef = 2C240E3711CFC1DF00856329 /* Camera.cpp */; };
		2C240ECB11CFC2B200856329 /* CinderCamera.cpp in Sources */ = {isa = PBXBuildFile; fileRef = 2C240E3911CFC1DF00856329 /* CinderCamera.cpp */; };
		2C240ECC11CFC2B200856329 /* CinderVideoFileCapture.cpp in Sources */ = {isa = PBXBuildFile; fileRef = 2C240E3A11CFC1DF00856329 /* CinderVideoFileCapture.cpp */; };
		2C240ECD11CFC2B200856329 /* CVBlobDetector.cpp in Sources */ = {isa = PBXBuildFile; fileRef = 2C240E4011CFC1DF00856329 /* CVBlobDetector.cpp */; };
		2C240ECE11CFC2B200856329 /* CVFrameProcessor.cpp in Sources */ = {isa = PBXBuildFile; fileRef = 2C240E3D11CFC1DF00856329 /* CVFrameProcessor.cpp */; };
		2C240ECF11CFC2B200856329 /* CVImageCache.cpp in Sources */ = {isa = PBXBuildFile; fileRef = 2C240E3E11CFC1DF00856329 /* CVImageCache.cpp */; };
		2C240ED011CFC2B200856329 /* CVStereoBlobDetector.cpp in Sources */ = {isa = PBXBuildFile; fileRef = 2C240E4111CFC1DF00856329 /* CVStereoBlobDetector.cpp */; };
		2C240ED111CFC2B200856329 /* GestureTracker.cpp in Sources */ = {isa = PBXBuildFile; fileRef = 2C240E4211CFC1DF00856329 /* GestureTracker.cpp */; };
		2C240ED211CFC2B200856329 /* OpenCVCamera.cpp in Sources */ = {isa = PBXBuildFile; fileRef = 2C240E3B11CFC1DF00856329 /* OpenCVCamera.cpp */; };
		2C240ED311CFC2B200856329 /* Vision.cpp in Sources */ = {isa = PBXBuildFile; fileRef = 2C240E4311CFC1DF00856329 /* Vision.cpp */; };
		2C2BEBF811CFB45C00868B71 /* Cocoa.framework in Frameworks */ = {isa = PBXBuildFile; fileRef = 1058C7A1FEA54F0111CA2CBB /* Cocoa.framework */; };
		2C2BEBF911CFB45C00868B71 /* OpenGL.framework in Frameworks */ = {isa = PBXBuildFile; fileRef = 0091D8F80E81B9330029341E /* OpenGL.framework */; };
		2C2BEBFA11CFB45C00868B71 /* Carbon.framework in Frameworks */ = {isa = PBXBuildFile; fileRef = 53E3CDFB0E86099300238D2B /* Carbon.framework */; };
		2C2BEBFB11CFB45C00868B71 /* CoreVideo.framework in Frameworks */ = {isa = PBXBuildFile; fileRef = 5323E6B10EAFCA74003A9687 /* CoreVideo.framework */; };
		2C2BEBFC11CFB45C00868B71 /* QTKit.framework in Frameworks */ = {isa = PBXBuildFile; fileRef = 5323E6B50EAFCA7E003A9687 /* QTKit.framework */; };
		2C2BEBFD11CFB45C00868B71 /* QuickTime.framework in Frameworks */ = {isa = PBXBuildFile; fileRef = 0097E3E40F3E9819005A4392 /* QuickTime.framework */; };
		2C2BEBFE11CFB45C00868B71 /* Accelerate.framework in Frameworks */ = {isa = PBXBuildFile; fileRef = 00B784AF0FF439BC000DE1D7 /* Accelerate.framework */; };
		2C2BEBFF11CFB45C00868B71 /* AudioToolbox.framework in Frameworks */ = {isa = PBXBuildFile; fileRef = 00B784B00FF439BC000DE1D7 /* AudioToolbox.framework */; };
		2C2BEC0011CFB45C00868B71 /* AudioUnit.framework in Frameworks */ = {isa = PBXBuildFile; fileRef = 00B784B10FF439BC000DE1D7 /* AudioUnit.framework */; };
		2C2BEC0111CFB45C00868B71 /* CoreAudio.framework in Frameworks */ = {isa = PBXBuildFile; fileRef = 00B784B20FF439BC000DE1D7 /* CoreAudio.framework */; };
		2C48C4B311F5FAD800C5E77C /* SpatialHash.h in Headers */ = {isa = PBXBuildFile; fileRef = 2C48C4B211F5FAD800C5E77C /* SpatialHash.h */; };
		2C48C4B511F5FE0700C5E77C /* SpatialHash.cpp in Sources */ = {isa = PBXBuildFile; fileRef = 2C48C4B411F5FE0700C5E77C /* SpatialHash.cpp */; };
		2C49608011FC428300749B68 /* CollisionConstraint.h in Headers */ = {isa = PBXBuildFile; fileRef = 2C49607F11FC428300749B68 /* CollisionConstraint.h */; };
		2C49608211FC42A100749B68 /* CollisionConstraint.cpp in Sources */ = {isa = PBXBuildFile; fileRef = 2C49608111FC42A000749B68 /* CollisionConstraint.cpp */; };
		2C49642311FDB72F00749B68 /* Ray.h in Headers */ = {isa = PBXBuildFile; fileRef = 2C49642211FDB72F00749B68 /* Ray.h */; };
		2C49642511FDB74100749B68 /* Ray.cpp in Sources */ = {isa = PBXBuildFile; fileRef = 2C49642411FDB74100749B68 /* Ray.cpp */; };
		2C49644E11FDC1D000749B68 /* Line.cpp in Sources */ = {isa = PBXBuildFile; fileRef = 2C49644D11FDC1D000749B68 /* Line.cpp */; };
		2C55A3E911B0610F00041C25 /* Cocoa.framework in Frameworks */ = {isa = PBXBuildFile; fileRef = 1058C7A1FEA54F0111CA2CBB /* Cocoa.framework */; };
		2C55A3EA11B0610F00041C25 /* OpenGL.framework in Frameworks */ = {isa = PBXBuildFile; fileRef = 0091D8F80E81B9330029341E /* OpenGL.framework */; };
		2C55A3EB11B0610F00041C25 /* Carbon.framework in Frameworks */ = {isa = PBXBuildFile; fileRef = 53E3CDFB0E86099300238D2B /* Carbon.framework */; };
		2C55A3EC11B0610F00041C25 /* CoreVideo.framework in Frameworks */ = {isa = PBXBuildFile; fileRef = 5323E6B10EAFCA74003A9687 /* CoreVideo.framework */; };
		2C55A3ED11B0610F00041C25 /* QTKit.framework in Frameworks */ = {isa = PBXBuildFile; fileRef = 5323E6B50EAFCA7E003A9687 /* QTKit.framework */; };
		2C55A3EE11B0610F00041C25 /* QuickTime.framework in Frameworks */ = {isa = PBXBuildFile; fileRef = 0097E3E40F3E9819005A4392 /* QuickTime.framework */; };
		2C55A3EF11B0610F00041C25 /* Accelerate.framework in Frameworks */ = {isa = PBXBuildFile; fileRef = 00B784AF0FF439BC000DE1D7 /* Accelerate.framework */; };
		2C55A3F011B0610F00041C25 /* AudioToolbox.framework in Frameworks */ = {isa = PBXBuildFile; fileRef = 00B784B00FF439BC000DE1D7 /* AudioToolbox.framework */; };
		2C55A3F111B0610F00041C25 /* AudioUnit.framework in Frameworks */ = {isa = PBXBuildFile; fileRef = 00B784B10FF439BC000DE1D7 /* AudioUnit.framework */; };
		2C55A3F211B0610F00041C25 /* CoreAudio.framework in Frameworks */ = {isa = PBXBuildFile; fileRef = 00B784B20FF439BC000DE1D7 /* CoreAudio.framework */; };
		2C6F1CFF11E85BE1007EFB61 /* BoundingVolume.cpp in Sources */ = {isa = PBXBuildFile; fileRef = 2C6F1CFE11E85BE1007EFB61 /* BoundingVolume.cpp */; };
		2CA833D911DB99EE00D5B37B /* Cocoa.framework in Frameworks */ = {isa = PBXBuildFile; fileRef = 1058C7A1FEA54F0111CA2CBB /* Cocoa.framework */; };
		2CA833DA11DB99EE00D5B37B /* OpenGL.framework in Frameworks */ = {isa = PBXBuildFile; fileRef = 0091D8F80E81B9330029341E /* OpenGL.framework */; };
		2CA833DB11DB99EE00D5B37B /* Carbon.framework in Frameworks */ = {isa = PBXBuildFile; fileRef = 53E3CDFB0E86099300238D2B /* Carbon.framework */; };
		2CA833DC11DB99EE00D5B37B /* CoreVideo.framework in Frameworks */ = {isa = PBXBuildFile; fileRef = 5323E6B10EAFCA74003A9687 /* CoreVideo.framework */; };
		2CA833DD11DB99EE00D5B37B /* QTKit.framework in Frameworks */ = {isa = PBXBuildFile; fileRef = 5323E6B50EAFCA7E003A9687 /* QTKit.framework */; };
		2CA833DE11DB99EE00D5B37B /* QuickTime.framework in Frameworks */ = {isa = PBXBuildFile; fileRef = 0097E3E40F3E9819005A4392 /* QuickTime.framework */; };
		2CA833DF11DB99EE00D5B37B /* Accelerate.framework in Frameworks */ = {isa = PBXBuildFile; fileRef = 00B784AF0FF439BC000DE1D7 /* Accelerate.framework */; };
		2CA833E011DB99EE00D5B37B /* AudioToolbox.framework in Frameworks */ = {isa = PBXBuildFile; fileRef = 00B784B00FF439BC000DE1D7 /* AudioToolbox.framework */; };
		2CA833E111DB99EE00D5B37B /* AudioUnit.framework in Frameworks */ = {isa = PBXBuildFile; fileRef = 00B784B10FF439BC000DE1D7 /* AudioUnit.framework */; };
		2CA833E211DB99EE00D5B37B /* CoreAudio.framework in Frameworks */ = {isa = PBXBuildFile; fileRef = 00B784B20FF439BC000DE1D7 /* CoreAudio.framework */; };
		2CA833F911DB99F100D5B37B /* Cocoa.framework in Frameworks */ = {isa = PBXBuildFile; fileRef = 1058C7A1FEA54F0111CA2CBB /* Cocoa.framework */; };
		2CA833FA11DB99F100D5B37B /* OpenGL.framework in Frameworks */ = {isa = PBXBuildFile; fileRef = 0091D8F80E81B9330029341E /* OpenGL.framework */; };
		2CA833FB11DB99F100D5B37B /* Carbon.framework in Frameworks */ = {isa = PBXBuildFile; fileRef = 53E3CDFB0E86099300238D2B /* Carbon.framework */; };
		2CA833FC11DB99F100D5B37B /* CoreVideo.framework in Frameworks */ = {isa = PBXBuildFile; fileRef = 5323E6B10EAFCA74003A9687 /* CoreVideo.framework */; };
		2CA833FD11DB99F100D5B37B /* QTKit.framework in Frameworks */ = {isa = PBXBuildFile; fileRef = 5323E6B50EAFCA7E003A9687 /* QTKit.framework */; };
		2CA833FE11DB99F100D5B37B /* QuickTime.framework in Frameworks */ = {isa = PBXBuildFile; fileRef = 0097E3E40F3E9819005A4392 /* QuickTime.framework */; };
		2CA833FF11DB99F100D5B37B /* Accelerate.framework in Frameworks */ = {isa = PBXBuildFile; fileRef = 00B784AF0FF439BC000DE1D7 /* Accelerate.framework */; };
		2CA8340011DB99F100D5B37B /* AudioToolbox.framework in Frameworks */ = {isa = PBXBuildFile; fileRef = 00B784B00FF439BC000DE1D7 /* AudioToolbox.framework */; };
		2CA8340111DB99F100D5B37B /* AudioUnit.framework in Frameworks */ = {isa = PBXBuildFile; fileRef = 00B784B10FF439BC000DE1D7 /* AudioUnit.framework */; };
		2CA8340211DB99F100D5B37B /* CoreAudio.framework in Frameworks */ = {isa = PBXBuildFile; fileRef = 00B784B20FF439BC000DE1D7 /* CoreAudio.framework */; };
		2CA8341111DBBDA400D5B37B /* GLKit.h in Headers */ = {isa = PBXBuildFile; fileRef = 2CA8340E11DBBDA400D5B37B /* GLKit.h */; };
		2CA8341211DBBDA400D5B37B /* PointCloud.h in Headers */ = {isa = PBXBuildFile; fileRef = 2CA8340F11DBBDA400D5B37B /* PointCloud.h */; };
		2CA8341311DBBDA400D5B37B /* PointDataFormat.h in Headers */ = {isa = PBXBuildFile; fileRef = 2CA8341011DBBDA400D5B37B /* PointDataFormat.h */; };
		2CA8341811DBBDC200D5B37B /* PointCloud.cpp in Sources */ = {isa = PBXBuildFile; fileRef = 2CA8341611DBBDC200D5B37B /* PointCloud.cpp */; };
		2CA8341911DBBDC200D5B37B /* PointDataFormat.cpp in Sources */ = {isa = PBXBuildFile; fileRef = 2CA8341711DBBDC200D5B37B /* PointDataFormat.cpp */; };
		2CA8342311DBBE0D00D5B37B /* Behavioural.cpp in Sources */ = {isa = PBXBuildFile; fileRef = 2CA8341E11DBBE0D00D5B37B /* Behavioural.cpp */; };
		2CA8342411DBBE0D00D5B37B /* Emitter.cpp in Sources */ = {isa = PBXBuildFile; fileRef = 2CA8341F11DBBE0D00D5B37B /* Emitter.cpp */; };
		2CA8342511DBBE0D00D5B37B /* Particle.cpp in Sources */ = {isa = PBXBuildFile; fileRef = 2CA8342011DBBE0D00D5B37B /* Particle.cpp */; };
		2CA8342611DBBE0D00D5B37B /* Physics.cpp in Sources */ = {isa = PBXBuildFile; fileRef = 2CA8342111DBBE0D00D5B37B /* Physics.cpp */; };
		2CA8342711DBBE0D00D5B37B /* Spring.cpp in Sources */ = {isa = PBXBuildFile; fileRef = 2CA8342211DBBE0D00D5B37B /* Spring.cpp */; };
		2CA8343711DBBE3A00D5B37B /* Attractor.cpp in Sources */ = {isa = PBXBuildFile; fileRef = 2CA8342F11DBBE3A00D5B37B /* Attractor.cpp */; };
		2CA8343811DBBE3A00D5B37B /* Boundary.cpp in Sources */ = {isa = PBXBuildFile; fileRef = 2CA8343011DBBE3A00D5B37B /* Boundary.cpp */; };
		2CA8343911DBBE3A00D5B37B /* Flocking.cpp in Sources */ = {isa = PBXBuildFile; fileRef = 2CA8343111DBBE3A00D5B37B /* Flocking.cpp */; };
		2CA8343A11DBBE3A00D5B37B /* Force.cpp in Sources */ = {isa = PBXBuildFile; fileRef = 2CA8343211DBBE3A00D5B37B /* Force.cpp */; };
		2CA8343B11DBBE3A00D5B37B /* Initializer.cpp in Sources */ = {isa = PBXBuildFile; fileRef = 2CA8343311DBBE3A00D5B37B /* Initializer.cpp */; };
		2CA8343C11DBBE3A00D5B37B /* PlaneConstraint.cpp in Sources */ = {isa = PBXBuildFile; fileRef = 2CA8343411DBBE3A00D5B37B /* PlaneConstraint.cpp */; };
		2CA8343D11DBBE3A00D5B37B /* Random.cpp in Sources */ = {isa = PBXBuildFile; fileRef = 2CA8343511DBBE3A00D5B37B /* Random.cpp */; };
		2CA8343E11DBBE3A00D5B37B /* SphereConstraint.cpp in Sources */ = {isa = PBXBuildFile; fileRef = 2CA8343611DBBE3A00D5B37B /* SphereConstraint.cpp */; };
		2CA8344311DBBE4A00D5B37B /* BasicSpace.cpp in Sources */ = {isa = PBXBuildFile; fileRef = 2CA8344011DBBE4A00D5B37B /* BasicSpace.cpp */; };
		2CA8344411DBBE4A00D5B37B /* Octree.cpp in Sources */ = {isa = PBXBuildFile; fileRef = 2CA8344111DBBE4A00D5B37B /* Octree.cpp */; };
		2CA8344511DBBE4A00D5B37B /* Space.cpp in Sources */ = {isa = PBXBuildFile; fileRef = 2CA8344211DBBE4A00D5B37B /* Space.cpp */; };
		2CA8344F11DBBE5E00D5B37B /* Attractor.h in Headers */ = {isa = PBXBuildFile; fileRef = 2CA8344711DBBE5E00D5B37B /* Attractor.h */; };
		2CA8345011DBBE5E00D5B37B /* Boundary.h in Headers */ = {isa = PBXBuildFile; fileRef = 2CA8344811DBBE5E00D5B37B /* Boundary.h */; };
		2CA8345111DBBE5E00D5B37B /* Flocking.h in Headers */ = {isa = PBXBuildFile; fileRef = 2CA8344911DBBE5E00D5B37B /* Flocking.h */; };
		2CA8345211DBBE5E00D5B37B /* Force.h in Headers */ = {isa = PBXBuildFile; fileRef = 2CA8344A11DBBE5E00D5B37B /* Force.h */; };
		2CA8345311DBBE5E00D5B37B /* Initializer.h in Headers */ = {isa = PBXBuildFile; fileRef = 2CA8344B11DBBE5E00D5B37B /* Initializer.h */; };
		2CA8345411DBBE5E00D5B37B /* PlaneConstraint.h in Headers */ = {isa = PBXBuildFile; fileRef = 2CA8344C11DBBE5E00D5B37B /* PlaneConstraint.h */; };
		2CA8345511DBBE5E00D5B37B /* Random.h in Headers */ = {isa = PBXBuildFile; fileRef = 2CA8344D11DBBE5E00D5B37B /* Random.h */; };
		2CA8345611DBBE5E00D5B37B /* SphereConstraint.h in Headers */ = {isa = PBXBuildFile; fileRef = 2CA8344E11DBBE5E00D5B37B /* SphereConstraint.h */; };
		2CA8345C11DBBE6400D5B37B /* BasicSpace.h in Headers */ = {isa = PBXBuildFile; fileRef = 2CA8345811DBBE6400D5B37B /* BasicSpace.h */; };
		2CA8345D11DBBE6400D5B37B /* Octree.h in Headers */ = {isa = PBXBuildFile; fileRef = 2CA8345911DBBE6400D5B37B /* Octree.h */; };
		2CA8345E11DBBE6400D5B37B /* Space.h in Headers */ = {isa = PBXBuildFile; fileRef = 2CA8345A11DBBE6400D5B37B /* Space.h */; };
		2CA8345F11DBBE6400D5B37B /* Spatial.h in Headers */ = {isa = PBXBuildFile; fileRef = 2CA8345B11DBBE6400D5B37B /* Spatial.h */; };
		2CA8346811DBBE6D00D5B37B /* Behaviour.h in Headers */ = {isa = PBXBuildFile; fileRef = 2CA8346011DBBE6D00D5B37B /* Behaviour.h */; };
		2CA8346911DBBE6D00D5B37B /* Behavioural.h in Headers */ = {isa = PBXBuildFile; fileRef = 2CA8346111DBBE6D00D5B37B /* Behavioural.h */; };
		2CA8346A11DBBE6D00D5B37B /* Constraint.h in Headers */ = {isa = PBXBuildFile; fileRef = 2CA8346211DBBE6D00D5B37B /* Constraint.h */; };
		2CA8346B11DBBE6D00D5B37B /* Emitter.h in Headers */ = {isa = PBXBuildFile; fileRef = 2CA8346311DBBE6D00D5B37B /* Emitter.h */; };
		2CA8346C11DBBE6D00D5B37B /* Particle.h in Headers */ = {isa = PBXBuildFile; fileRef = 2CA8346411DBBE6D00D5B37B /* Particle.h */; };
		2CA8346D11DBBE6D00D5B37B /* Physics.h in Headers */ = {isa = PBXBuildFile; fileRef = 2CA8346511DBBE6D00D5B37B /* Physics.h */; };
		2CA8346E11DBBE6D00D5B37B /* PhysicsKit.h in Headers */ = {isa = PBXBuildFile; fileRef = 2CA8346611DBBE6D00D5B37B /* PhysicsKit.h */; };
		2CA8346F11DBBE6D00D5B37B /* Spring.h in Headers */ = {isa = PBXBuildFile; fileRef = 2CA8346711DBBE6D00D5B37B /* Spring.h */; };
		2CD7DAF4122304B9003DE1B7 /* NeighbourUpdate.cpp in Sources */ = {isa = PBXBuildFile; fileRef = 2CD7DAF0122304B9003DE1B7 /* NeighbourUpdate.cpp */; };
		2CD7DAF5122304B9003DE1B7 /* ParticleAllocator.cpp in Sources */ = {isa = PBXBuildFile; fileRef = 2CD7DAF1122304B9003DE1B7 /* ParticleAllocator.cpp */; };
		2CD7DAF6122304B9003DE1B7 /* ParticleUpdate.cpp in Sources */ = {isa = PBXBuildFile; fileRef = 2CD7DAF2122304B9003DE1B7 /* ParticleUpdate.cpp */; };
		2CD7DAF7122304B9003DE1B7 /* SpringUpdate.cpp in Sources */ = {isa = PBXBuildFile; fileRef = 2CD7DAF3122304B9003DE1B7 /* SpringUpdate.cpp */; };
		2CD7DAFD122304F4003DE1B7 /* NeighbourUpdate.h in Headers */ = {isa = PBXBuildFile; fileRef = 2CD7DAF8122304F4003DE1B7 /* NeighbourUpdate.h */; };
		2CD7DAFE122304F4003DE1B7 /* ParticleAllocator.h in Headers */ = {isa = PBXBuildFile; fileRef = 2CD7DAF9122304F4003DE1B7 /* ParticleAllocator.h */; };
		2CD7DAFF122304F4003DE1B7 /* ParticleUpdate.h in Headers */ = {isa = PBXBuildFile; fileRef = 2CD7DAFA122304F4003DE1B7 /* ParticleUpdate.h */; };
		2CD7DB00122304F4003DE1B7 /* PhysicsStrategy.h in Headers */ = {isa = PBXBuildFile; fileRef = 2CD7DAFB122304F4003DE1B7 /* PhysicsStrategy.h */; };
		2CD7DB01122304F4003DE1B7 /* SpringUpdate.h in Headers */ = {isa = PBXBuildFile; fileRef = 2CD7DAFC122304F4003DE1B7 /* SpringUpdate.h */; };
		2CF00B6D11DF227100AD0E7C /* GLKit.cpp in Sources */ = {isa = PBXBuildFile; fileRef = 2CF00B6C11DF227100AD0E7C /* GLKit.cpp */; };
/* End PBXBuildFile section */

/* Begin PBXContainerItemProxy section */
		2C0F900311B1164200AD264D /* PBXContainerItemProxy */ = {
			isa = PBXContainerItemProxy;
			containerPortal = 29B97313FDCFA39411CA2CEA /* Project object */;
			proxyType = 1;
			remoteGlobalIDString = 2C55A26111B0608700041C25;
			remoteInfo = FieldKit;
		};
		2C240EE511CFC4F400856329 /* PBXContainerItemProxy */ = {
			isa = PBXContainerItemProxy;
			containerPortal = 29B97313FDCFA39411CA2CEA /* Project object */;
			proxyType = 1;
			remoteGlobalIDString = 2C2BEBC411CFB45C00868B71;
			remoteInfo = FBXKit;
		};
		2C240EE711CFC4F600856329 /* PBXContainerItemProxy */ = {
			isa = PBXContainerItemProxy;
			containerPortal = 29B97313FDCFA39411CA2CEA /* Project object */;
			proxyType = 1;
			remoteGlobalIDString = 2C240D6F11CFC11600856329;
			remoteInfo = VisionKit;
		};
		2CA8347011DBBE8E00D5B37B /* PBXContainerItemProxy */ = {
			isa = PBXContainerItemProxy;
			containerPortal = 29B97313FDCFA39411CA2CEA /* Project object */;
			proxyType = 1;
			remoteGlobalIDString = 2CA833E711DB99F100D5B37B;
			remoteInfo = PhysicsKit;
		};
		2CA8347211DBBE8E00D5B37B /* PBXContainerItemProxy */ = {
			isa = PBXContainerItemProxy;
			containerPortal = 29B97313FDCFA39411CA2CEA /* Project object */;
			proxyType = 1;
			remoteGlobalIDString = 2CA833C711DB99EE00D5B37B;
			remoteInfo = GLKit;
		};
/* End PBXContainerItemProxy section */

/* Begin PBXFileReference section */
		0091D8F80E81B9330029341E /* OpenGL.framework */ = {isa = PBXFileReference; lastKnownFileType = wrapper.framework; name = OpenGL.framework; path = /System/Library/Frameworks/OpenGL.framework; sourceTree = "<absolute>"; };
		0097E3E40F3E9819005A4392 /* QuickTime.framework */ = {isa = PBXFileReference; lastKnownFileType = wrapper.framework; name = QuickTime.framework; path = /System/Library/Frameworks/QuickTime.framework; sourceTree = "<absolute>"; };
		00B784AF0FF439BC000DE1D7 /* Accelerate.framework */ = {isa = PBXFileReference; lastKnownFileType = wrapper.framework; name = Accelerate.framework; path = System/Library/Frameworks/Accelerate.framework; sourceTree = SDKROOT; };
		00B784B00FF439BC000DE1D7 /* AudioToolbox.framework */ = {isa = PBXFileReference; lastKnownFileType = wrapper.framework; name = AudioToolbox.framework; path = System/Library/Frameworks/AudioToolbox.framework; sourceTree = SDKROOT; };
		00B784B10FF439BC000DE1D7 /* AudioUnit.framework */ = {isa = PBXFileReference; lastKnownFileType = wrapper.framework; name = AudioUnit.framework; path = System/Library/Frameworks/AudioUnit.framework; sourceTree = SDKROOT; };
		00B784B20FF439BC000DE1D7 /* CoreAudio.framework */ = {isa = PBXFileReference; lastKnownFileType = wrapper.framework; name = CoreAudio.framework; path = System/Library/Frameworks/CoreAudio.framework; sourceTree = SDKROOT; };
		00CCAF14116A9FEE008396D5 /* CinderApp.icns */ = {isa = PBXFileReference; lastKnownFileType = image.icns; path = CinderApp.icns; sourceTree = SOURCE_ROOT; };
		1058C7A1FEA54F0111CA2CBB /* Cocoa.framework */ = {isa = PBXFileReference; lastKnownFileType = wrapper.framework; name = Cocoa.framework; path = /System/Library/Frameworks/Cocoa.framework; sourceTree = "<absolute>"; };
		13E42FB307B3F0F600E4EEF1 /* CoreData.framework */ = {isa = PBXFileReference; lastKnownFileType = wrapper.framework; name = CoreData.framework; path = /System/Library/Frameworks/CoreData.framework; sourceTree = "<absolute>"; };
		29B97324FDCFA39411CA2CEA /* AppKit.framework */ = {isa = PBXFileReference; lastKnownFileType = wrapper.framework; name = AppKit.framework; path = /System/Library/Frameworks/AppKit.framework; sourceTree = "<absolute>"; };
		29B97325FDCFA39411CA2CEA /* Foundation.framework */ = {isa = PBXFileReference; lastKnownFileType = wrapper.framework; name = Foundation.framework; path = /System/Library/Frameworks/Foundation.framework; sourceTree = "<absolute>"; };
		2C0E69B211D16DC00035A10C /* FBXKit.h */ = {isa = PBXFileReference; fileEncoding = 4; lastKnownFileType = sourcecode.c.h; name = FBXKit.h; path = ../../FieldKit.cpp/include/fieldkit/fbx/FBXKit.h; sourceTree = SOURCE_ROOT; };
		2C16CBDA11D944B10038C163 /* MathKit.h */ = {isa = PBXFileReference; fileEncoding = 4; lastKnownFileType = sourcecode.c.h; name = MathKit.h; path = ../../FieldKit.cpp/include/fieldkit/math/MathKit.h; sourceTree = SOURCE_ROOT; };
		2C16CBDC11D944BD0038C163 /* MathKit.cpp */ = {isa = PBXFileReference; fileEncoding = 4; lastKnownFileType = sourcecode.cpp.cpp; name = MathKit.cpp; path = ../../FieldKit.cpp/src/fieldkit/math/MathKit.cpp; sourceTree = SOURCE_ROOT; };
		2C16CBE011D944D70038C163 /* Logger.cpp */ = {isa = PBXFileReference; fileEncoding = 4; lastKnownFileType = sourcecode.cpp.cpp; name = Logger.cpp; path = ../../FieldKit.cpp/src/fieldkit/Logger.cpp; sourceTree = SOURCE_ROOT; };
		2C16CBE211D944E30038C163 /* Logger.h */ = {isa = PBXFileReference; fileEncoding = 4; lastKnownFileType = sourcecode.c.h; name = Logger.h; path = ../../FieldKit.cpp/include/fieldkit/Logger.h; sourceTree = SOURCE_ROOT; };
		2C240DB011CFC11600856329 /* libVisionKit.a */ = {isa = PBXFileReference; explicitFileType = archive.ar; includeInIndex = 0; path = libVisionKit.a; sourceTree = BUILT_PRODUCTS_DIR; };
		2C240DD611CFC1CD00856329 /* CinderRenderer.h */ = {isa = PBXFileReference; fileEncoding = 4; lastKnownFileType = sourcecode.c.h; path = CinderRenderer.h; sourceTree = "<group>"; };
		2C240DD711CFC1CD00856329 /* Common.h */ = {isa = PBXFileReference; fileEncoding = 4; lastKnownFileType = sourcecode.c.h; path = Common.h; sourceTree = "<group>"; };
		2C240DD911CFC1CD00856329 /* Renderer.h */ = {isa = PBXFileReference; fileEncoding = 4; lastKnownFileType = sourcecode.c.h; path = Renderer.h; sourceTree = "<group>"; };
		2C240DDA11CFC1CD00856329 /* RendererDelegates.h */ = {isa = PBXFileReference; fileEncoding = 4; lastKnownFileType = sourcecode.c.h; path = RendererDelegates.h; sourceTree = "<group>"; };
		2C240DDB11CFC1CD00856329 /* Scene.h */ = {isa = PBXFileReference; fileEncoding = 4; lastKnownFileType = sourcecode.c.h; path = Scene.h; sourceTree = "<group>"; };
		2C240DDC11CFC1CD00856329 /* SceneController.h */ = {isa = PBXFileReference; fileEncoding = 4; lastKnownFileType = sourcecode.c.h; path = SceneController.h; sourceTree = "<group>"; };
		2C240DDD11CFC1CD00856329 /* SceneImporter.h */ = {isa = PBXFileReference; fileEncoding = 4; lastKnownFileType = sourcecode.c.h; path = SceneImporter.h; sourceTree = "<group>"; };
		2C240DDE11CFC1CD00856329 /* Texture.h */ = {isa = PBXFileReference; fileEncoding = 4; lastKnownFileType = sourcecode.c.h; path = Texture.h; sourceTree = "<group>"; };
		2C240DDF11CFC1CD00856329 /* FieldKit.h */ = {isa = PBXFileReference; fileEncoding = 4; lastKnownFileType = sourcecode.c.h; path = FieldKit.h; sourceTree = "<group>"; };
		2C240DE211CFC1CD00856329 /* AABB.h */ = {isa = PBXFileReference; fileEncoding = 4; lastKnownFileType = sourcecode.c.h; path = AABB.h; sourceTree = "<group>"; };
		2C240DE311CFC1CD00856329 /* BoundingVolume.h */ = {isa = PBXFileReference; fileEncoding = 4; lastKnownFileType = sourcecode.c.h; path = BoundingVolume.h; sourceTree = "<group>"; };
		2C240DE411CFC1CD00856329 /* SphereBound.h */ = {isa = PBXFileReference; fileEncoding = 4; lastKnownFileType = sourcecode.c.h; name = SphereBound.h; path = ../../../../FieldKit.cpp/include/fieldkit/math/SphereBound.h; sourceTree = "<group>"; };
		2C240DFA11CFC1CD00856329 /* Model.h */ = {isa = PBXFileReference; fileEncoding = 4; lastKnownFileType = sourcecode.c.h; path = Model.h; sourceTree = "<group>"; };
		2C240DFB11CFC1CD00856329 /* Tweak.h */ = {isa = PBXFileReference; fileEncoding = 4; lastKnownFileType = sourcecode.c.h; path = Tweak.h; sourceTree = "<group>"; };
		2C240DFE11CFC1CD00856329 /* Camera.h */ = {isa = PBXFileReference; fileEncoding = 4; lastKnownFileType = sourcecode.c.h; path = Camera.h; sourceTree = "<group>"; };
		2C240E0011CFC1CD00856329 /* CinderCamera.h */ = {isa = PBXFileReference; fileEncoding = 4; lastKnownFileType = sourcecode.c.h; path = CinderCamera.h; sourceTree = "<group>"; };
		2C240E0111CFC1CD00856329 /* CinderVideoFileCapture.h */ = {isa = PBXFileReference; fileEncoding = 4; lastKnownFileType = sourcecode.c.h; path = CinderVideoFileCapture.h; sourceTree = "<group>"; };
		2C240E0211CFC1CD00856329 /* OpenCVCamera.h */ = {isa = PBXFileReference; fileEncoding = 4; lastKnownFileType = sourcecode.c.h; path = OpenCVCamera.h; sourceTree = "<group>"; };
		2C240E0311CFC1CD00856329 /* constants.h */ = {isa = PBXFileReference; fileEncoding = 4; lastKnownFileType = sourcecode.c.h; path = constants.h; sourceTree = "<group>"; };
		2C240E0411CFC1CD00856329 /* opencv.h */ = {isa = PBXFileReference; fileEncoding = 4; lastKnownFileType = sourcecode.c.h; path = opencv.h; sourceTree = "<group>"; };
		2C240E0611CFC1CD00856329 /* CVFrameProcessor.h */ = {isa = PBXFileReference; fileEncoding = 4; lastKnownFileType = sourcecode.c.h; path = CVFrameProcessor.h; sourceTree = "<group>"; };
		2C240E0711CFC1CD00856329 /* CVImageCache.h */ = {isa = PBXFileReference; fileEncoding = 4; lastKnownFileType = sourcecode.c.h; path = CVImageCache.h; sourceTree = "<group>"; };
		2C240E0811CFC1CD00856329 /* CVProperty.h */ = {isa = PBXFileReference; fileEncoding = 4; lastKnownFileType = sourcecode.c.h; path = CVProperty.h; sourceTree = "<group>"; };
		2C240E0A11CFC1CD00856329 /* Blob.h */ = {isa = PBXFileReference; fileEncoding = 4; lastKnownFileType = sourcecode.c.h; path = Blob.h; sourceTree = "<group>"; };
		2C240E0B11CFC1CD00856329 /* BlobEvent.h */ = {isa = PBXFileReference; fileEncoding = 4; lastKnownFileType = sourcecode.c.h; path = BlobEvent.h; sourceTree = "<group>"; };
		2C240E0C11CFC1CD00856329 /* BlobEventDispatcher.h */ = {isa = PBXFileReference; fileEncoding = 4; lastKnownFileType = sourcecode.c.h; path = BlobEventDispatcher.h; sourceTree = "<group>"; };
		2C240E0D11CFC1CD00856329 /* BlobEventListener.h */ = {isa = PBXFileReference; fileEncoding = 4; lastKnownFileType = sourcecode.c.h; path = BlobEventListener.h; sourceTree = "<group>"; };
		2C240E0E11CFC1CD00856329 /* CVBlobDetector.h */ = {isa = PBXFileReference; fileEncoding = 4; lastKnownFileType = sourcecode.c.h; path = CVBlobDetector.h; sourceTree = "<group>"; };
		2C240E0F11CFC1CD00856329 /* CVStereoBlobDetector.h */ = {isa = PBXFileReference; fileEncoding = 4; lastKnownFileType = sourcecode.c.h; path = CVStereoBlobDetector.h; sourceTree = "<group>"; };
		2C240E1011CFC1CD00856329 /* Gesture.h */ = {isa = PBXFileReference; fileEncoding = 4; lastKnownFileType = sourcecode.c.h; path = Gesture.h; sourceTree = "<group>"; };
		2C240E1111CFC1CD00856329 /* GestureEvent.h */ = {isa = PBXFileReference; fileEncoding = 4; lastKnownFileType = sourcecode.c.h; path = GestureEvent.h; sourceTree = "<group>"; };
		2C240E1211CFC1CD00856329 /* GestureEventDispatcher.h */ = {isa = PBXFileReference; fileEncoding = 4; lastKnownFileType = sourcecode.c.h; path = GestureEventDispatcher.h; sourceTree = "<group>"; };
		2C240E1311CFC1CD00856329 /* GestureEventListener.h */ = {isa = PBXFileReference; fileEncoding = 4; lastKnownFileType = sourcecode.c.h; path = GestureEventListener.h; sourceTree = "<group>"; };
		2C240E1411CFC1CD00856329 /* GestureTracker.h */ = {isa = PBXFileReference; fileEncoding = 4; lastKnownFileType = sourcecode.c.h; path = GestureTracker.h; sourceTree = "<group>"; };
		2C240E1511CFC1CD00856329 /* Vision.h */ = {isa = PBXFileReference; fileEncoding = 4; lastKnownFileType = sourcecode.c.h; path = Vision.h; sourceTree = "<group>"; };
		2C240E1811CFC1DF00856329 /* CinderRenderer.cpp */ = {isa = PBXFileReference; fileEncoding = 4; lastKnownFileType = sourcecode.cpp.cpp; path = CinderRenderer.cpp; sourceTree = "<group>"; };
		2C240E1911CFC1DF00856329 /* Renderer.cpp */ = {isa = PBXFileReference; fileEncoding = 4; lastKnownFileType = sourcecode.cpp.cpp; path = Renderer.cpp; sourceTree = "<group>"; };
		2C240E1A11CFC1DF00856329 /* Scene.cpp */ = {isa = PBXFileReference; fileEncoding = 4; lastKnownFileType = sourcecode.cpp.cpp; path = Scene.cpp; sourceTree = "<group>"; };
		2C240E1B11CFC1DF00856329 /* SceneController.cpp */ = {isa = PBXFileReference; fileEncoding = 4; lastKnownFileType = sourcecode.cpp.cpp; path = SceneController.cpp; sourceTree = "<group>"; };
		2C240E1C11CFC1DF00856329 /* SceneImporter.cpp */ = {isa = PBXFileReference; fileEncoding = 4; lastKnownFileType = sourcecode.cpp.cpp; path = SceneImporter.cpp; sourceTree = "<group>"; };
		2C240E1E11CFC1DF00856329 /* AABB.cpp */ = {isa = PBXFileReference; fileEncoding = 4; lastKnownFileType = sourcecode.cpp.cpp; path = AABB.cpp; sourceTree = "<group>"; };
		2C240E1F11CFC1DF00856329 /* SphereBound.cpp */ = {isa = PBXFileReference; fileEncoding = 4; lastKnownFileType = sourcecode.cpp.cpp; name = SphereBound.cpp; path = ../../../../FieldKit.cpp/src/fieldkit/math/SphereBound.cpp; sourceTree = "<group>"; };
		2C240E3311CFC1DF00856329 /* Model.cpp */ = {isa = PBXFileReference; fileEncoding = 4; lastKnownFileType = sourcecode.cpp.cpp; path = Model.cpp; sourceTree = "<group>"; };
		2C240E3411CFC1DF00856329 /* Tweak.cpp */ = {isa = PBXFileReference; fileEncoding = 4; lastKnownFileType = sourcecode.cpp.cpp; path = Tweak.cpp; sourceTree = "<group>"; };
		2C240E3711CFC1DF00856329 /* Camera.cpp */ = {isa = PBXFileReference; fileEncoding = 4; lastKnownFileType = sourcecode.cpp.cpp; path = Camera.cpp; sourceTree = "<group>"; };
		2C240E3911CFC1DF00856329 /* CinderCamera.cpp */ = {isa = PBXFileReference; fileEncoding = 4; lastKnownFileType = sourcecode.cpp.cpp; path = CinderCamera.cpp; sourceTree = "<group>"; };
		2C240E3A11CFC1DF00856329 /* CinderVideoFileCapture.cpp */ = {isa = PBXFileReference; fileEncoding = 4; lastKnownFileType = sourcecode.cpp.cpp; path = CinderVideoFileCapture.cpp; sourceTree = "<group>"; };
		2C240E3B11CFC1DF00856329 /* OpenCVCamera.cpp */ = {isa = PBXFileReference; fileEncoding = 4; lastKnownFileType = sourcecode.cpp.cpp; path = OpenCVCamera.cpp; sourceTree = "<group>"; };
		2C240E3D11CFC1DF00856329 /* CVFrameProcessor.cpp */ = {isa = PBXFileReference; fileEncoding = 4; lastKnownFileType = sourcecode.cpp.cpp; path = CVFrameProcessor.cpp; sourceTree = "<group>"; };
		2C240E3E11CFC1DF00856329 /* CVImageCache.cpp */ = {isa = PBXFileReference; fileEncoding = 4; lastKnownFileType = sourcecode.cpp.cpp; path = CVImageCache.cpp; sourceTree = "<group>"; };
		2C240E4011CFC1DF00856329 /* CVBlobDetector.cpp */ = {isa = PBXFileReference; fileEncoding = 4; lastKnownFileType = sourcecode.cpp.cpp; path = CVBlobDetector.cpp; sourceTree = "<group>"; };
		2C240E4111CFC1DF00856329 /* CVStereoBlobDetector.cpp */ = {isa = PBXFileReference; fileEncoding = 4; lastKnownFileType = sourcecode.cpp.cpp; path = CVStereoBlobDetector.cpp; sourceTree = "<group>"; };
		2C240E4211CFC1DF00856329 /* GestureTracker.cpp */ = {isa = PBXFileReference; fileEncoding = 4; lastKnownFileType = sourcecode.cpp.cpp; path = GestureTracker.cpp; sourceTree = "<group>"; };
		2C240E4311CFC1DF00856329 /* Vision.cpp */ = {isa = PBXFileReference; fileEncoding = 4; lastKnownFileType = sourcecode.cpp.cpp; path = Vision.cpp; sourceTree = "<group>"; };
		2C2BEC0511CFB45C00868B71 /* libFBXKit.a */ = {isa = PBXFileReference; explicitFileType = archive.ar; includeInIndex = 0; path = libFBXKit.a; sourceTree = BUILT_PRODUCTS_DIR; };
		2C48C4B211F5FAD800C5E77C /* SpatialHash.h */ = {isa = PBXFileReference; fileEncoding = 4; lastKnownFileType = sourcecode.c.h; path = SpatialHash.h; sourceTree = "<group>"; };
		2C48C4B411F5FE0700C5E77C /* SpatialHash.cpp */ = {isa = PBXFileReference; fileEncoding = 4; lastKnownFileType = sourcecode.cpp.cpp; path = SpatialHash.cpp; sourceTree = "<group>"; };
		2C49607F11FC428300749B68 /* CollisionConstraint.h */ = {isa = PBXFileReference; fileEncoding = 4; lastKnownFileType = sourcecode.c.h; path = CollisionConstraint.h; sourceTree = "<group>"; };
		2C49608111FC42A000749B68 /* CollisionConstraint.cpp */ = {isa = PBXFileReference; fileEncoding = 4; lastKnownFileType = sourcecode.cpp.cpp; path = CollisionConstraint.cpp; sourceTree = "<group>"; };
		2C49642211FDB72F00749B68 /* Ray.h */ = {isa = PBXFileReference; fileEncoding = 4; lastKnownFileType = sourcecode.c.h; path = Ray.h; sourceTree = "<group>"; };
		2C49642411FDB74100749B68 /* Ray.cpp */ = {isa = PBXFileReference; fileEncoding = 4; lastKnownFileType = sourcecode.cpp.cpp; path = Ray.cpp; sourceTree = "<group>"; };
		2C49644C11FDC1B600749B68 /* Line.h */ = {isa = PBXFileReference; fileEncoding = 4; lastKnownFileType = sourcecode.c.h; path = Line.h; sourceTree = "<group>"; };
		2C49644D11FDC1D000749B68 /* Line.cpp */ = {isa = PBXFileReference; fileEncoding = 4; lastKnownFileType = sourcecode.cpp.cpp; path = Line.cpp; sourceTree = "<group>"; };
		2C55A26211B0608700041C25 /* libFieldKit.a */ = {isa = PBXFileReference; explicitFileType = archive.ar; includeInIndex = 0; path = libFieldKit.a; sourceTree = BUILT_PRODUCTS_DIR; };
		2C6F1CFE11E85BE1007EFB61 /* BoundingVolume.cpp */ = {isa = PBXFileReference; fileEncoding = 4; lastKnownFileType = sourcecode.cpp.cpp; path = BoundingVolume.cpp; sourceTree = "<group>"; };
		2CA833E611DB99EE00D5B37B /* libGLKit.a */ = {isa = PBXFileReference; explicitFileType = archive.ar; includeInIndex = 0; path = libGLKit.a; sourceTree = BUILT_PRODUCTS_DIR; };
		2CA8340611DB99F100D5B37B /* libPhysicsKit.a */ = {isa = PBXFileReference; explicitFileType = archive.ar; includeInIndex = 0; path = libPhysicsKit.a; sourceTree = BUILT_PRODUCTS_DIR; };
		2CA8340E11DBBDA400D5B37B /* GLKit.h */ = {isa = PBXFileReference; fileEncoding = 4; lastKnownFileType = sourcecode.c.h; name = GLKit.h; path = ../../FieldKit.cpp/include/fieldkit/gl/GLKit.h; sourceTree = SOURCE_ROOT; };
		2CA8340F11DBBDA400D5B37B /* PointCloud.h */ = {isa = PBXFileReference; fileEncoding = 4; lastKnownFileType = sourcecode.c.h; name = PointCloud.h; path = ../../FieldKit.cpp/include/fieldkit/gl/PointCloud.h; sourceTree = SOURCE_ROOT; };
		2CA8341011DBBDA400D5B37B /* PointDataFormat.h */ = {isa = PBXFileReference; fileEncoding = 4; lastKnownFileType = sourcecode.c.h; name = PointDataFormat.h; path = ../../FieldKit.cpp/include/fieldkit/gl/PointDataFormat.h; sourceTree = SOURCE_ROOT; };
		2CA8341611DBBDC200D5B37B /* PointCloud.cpp */ = {isa = PBXFileReference; fileEncoding = 4; lastKnownFileType = sourcecode.cpp.cpp; name = PointCloud.cpp; path = ../../FieldKit.cpp/src/fieldkit/gl/PointCloud.cpp; sourceTree = SOURCE_ROOT; };
		2CA8341711DBBDC200D5B37B /* PointDataFormat.cpp */ = {isa = PBXFileReference; fileEncoding = 4; lastKnownFileType = sourcecode.cpp.cpp; name = PointDataFormat.cpp; path = ../../FieldKit.cpp/src/fieldkit/gl/PointDataFormat.cpp; sourceTree = SOURCE_ROOT; };
		2CA8341E11DBBE0D00D5B37B /* Behavioural.cpp */ = {isa = PBXFileReference; fileEncoding = 4; lastKnownFileType = sourcecode.cpp.cpp; name = Behavioural.cpp; path = ../../FieldKit.cpp/src/fieldkit/physics/Behavioural.cpp; sourceTree = SOURCE_ROOT; };
		2CA8341F11DBBE0D00D5B37B /* Emitter.cpp */ = {isa = PBXFileReference; fileEncoding = 4; lastKnownFileType = sourcecode.cpp.cpp; name = Emitter.cpp; path = ../../FieldKit.cpp/src/fieldkit/physics/Emitter.cpp; sourceTree = SOURCE_ROOT; };
		2CA8342011DBBE0D00D5B37B /* Particle.cpp */ = {isa = PBXFileReference; fileEncoding = 4; lastKnownFileType = sourcecode.cpp.cpp; name = Particle.cpp; path = ../../FieldKit.cpp/src/fieldkit/physics/Particle.cpp; sourceTree = SOURCE_ROOT; };
		2CA8342111DBBE0D00D5B37B /* Physics.cpp */ = {isa = PBXFileReference; fileEncoding = 4; lastKnownFileType = sourcecode.cpp.cpp; name = Physics.cpp; path = ../../FieldKit.cpp/src/fieldkit/physics/Physics.cpp; sourceTree = SOURCE_ROOT; };
		2CA8342211DBBE0D00D5B37B /* Spring.cpp */ = {isa = PBXFileReference; fileEncoding = 4; lastKnownFileType = sourcecode.cpp.cpp; name = Spring.cpp; path = ../../FieldKit.cpp/src/fieldkit/physics/Spring.cpp; sourceTree = SOURCE_ROOT; };
		2CA8342F11DBBE3A00D5B37B /* Attractor.cpp */ = {isa = PBXFileReference; fileEncoding = 4; lastKnownFileType = sourcecode.cpp.cpp; path = Attractor.cpp; sourceTree = "<group>"; };
		2CA8343011DBBE3A00D5B37B /* Boundary.cpp */ = {isa = PBXFileReference; fileEncoding = 4; lastKnownFileType = sourcecode.cpp.cpp; path = Boundary.cpp; sourceTree = "<group>"; };
		2CA8343111DBBE3A00D5B37B /* Flocking.cpp */ = {isa = PBXFileReference; fileEncoding = 4; lastKnownFileType = sourcecode.cpp.cpp; path = Flocking.cpp; sourceTree = "<group>"; };
		2CA8343211DBBE3A00D5B37B /* Force.cpp */ = {isa = PBXFileReference; fileEncoding = 4; lastKnownFileType = sourcecode.cpp.cpp; path = Force.cpp; sourceTree = "<group>"; };
		2CA8343311DBBE3A00D5B37B /* Initializer.cpp */ = {isa = PBXFileReference; fileEncoding = 4; lastKnownFileType = sourcecode.cpp.cpp; path = Initializer.cpp; sourceTree = "<group>"; };
		2CA8343411DBBE3A00D5B37B /* PlaneConstraint.cpp */ = {isa = PBXFileReference; fileEncoding = 4; lastKnownFileType = sourcecode.cpp.cpp; path = PlaneConstraint.cpp; sourceTree = "<group>"; };
		2CA8343511DBBE3A00D5B37B /* Random.cpp */ = {isa = PBXFileReference; fileEncoding = 4; lastKnownFileType = sourcecode.cpp.cpp; path = Random.cpp; sourceTree = "<group>"; };
		2CA8343611DBBE3A00D5B37B /* SphereConstraint.cpp */ = {isa = PBXFileReference; fileEncoding = 4; lastKnownFileType = sourcecode.cpp.cpp; path = SphereConstraint.cpp; sourceTree = "<group>"; };
		2CA8344011DBBE4A00D5B37B /* BasicSpace.cpp */ = {isa = PBXFileReference; fileEncoding = 4; lastKnownFileType = sourcecode.cpp.cpp; path = BasicSpace.cpp; sourceTree = "<group>"; };
		2CA8344111DBBE4A00D5B37B /* Octree.cpp */ = {isa = PBXFileReference; fileEncoding = 4; lastKnownFileType = sourcecode.cpp.cpp; path = Octree.cpp; sourceTree = "<group>"; };
		2CA8344211DBBE4A00D5B37B /* Space.cpp */ = {isa = PBXFileReference; fileEncoding = 4; lastKnownFileType = sourcecode.cpp.cpp; path = Space.cpp; sourceTree = "<group>"; };
		2CA8344711DBBE5E00D5B37B /* Attractor.h */ = {isa = PBXFileReference; fileEncoding = 4; lastKnownFileType = sourcecode.c.h; path = Attractor.h; sourceTree = "<group>"; };
		2CA8344811DBBE5E00D5B37B /* Boundary.h */ = {isa = PBXFileReference; fileEncoding = 4; lastKnownFileType = sourcecode.c.h; path = Boundary.h; sourceTree = "<group>"; };
		2CA8344911DBBE5E00D5B37B /* Flocking.h */ = {isa = PBXFileReference; fileEncoding = 4; lastKnownFileType = sourcecode.c.h; path = Flocking.h; sourceTree = "<group>"; };
		2CA8344A11DBBE5E00D5B37B /* Force.h */ = {isa = PBXFileReference; fileEncoding = 4; lastKnownFileType = sourcecode.c.h; path = Force.h; sourceTree = "<group>"; };
		2CA8344B11DBBE5E00D5B37B /* Initializer.h */ = {isa = PBXFileReference; fileEncoding = 4; lastKnownFileType = sourcecode.c.h; path = Initializer.h; sourceTree = "<group>"; };
		2CA8344C11DBBE5E00D5B37B /* PlaneConstraint.h */ = {isa = PBXFileReference; fileEncoding = 4; lastKnownFileType = sourcecode.c.h; path = PlaneConstraint.h; sourceTree = "<group>"; };
		2CA8344D11DBBE5E00D5B37B /* Random.h */ = {isa = PBXFileReference; fileEncoding = 4; lastKnownFileType = sourcecode.c.h; path = Random.h; sourceTree = "<group>"; };
		2CA8344E11DBBE5E00D5B37B /* SphereConstraint.h */ = {isa = PBXFileReference; fileEncoding = 4; lastKnownFileType = sourcecode.c.h; path = SphereConstraint.h; sourceTree = "<group>"; };
		2CA8345811DBBE6400D5B37B /* BasicSpace.h */ = {isa = PBXFileReference; fileEncoding = 4; lastKnownFileType = sourcecode.c.h; path = BasicSpace.h; sourceTree = "<group>"; };
		2CA8345911DBBE6400D5B37B /* Octree.h */ = {isa = PBXFileReference; fileEncoding = 4; lastKnownFileType = sourcecode.c.h; path = Octree.h; sourceTree = "<group>"; };
		2CA8345A11DBBE6400D5B37B /* Space.h */ = {isa = PBXFileReference; fileEncoding = 4; lastKnownFileType = sourcecode.c.h; path = Space.h; sourceTree = "<group>"; };
		2CA8345B11DBBE6400D5B37B /* Spatial.h */ = {isa = PBXFileReference; fileEncoding = 4; lastKnownFileType = sourcecode.c.h; path = Spatial.h; sourceTree = "<group>"; };
		2CA8346011DBBE6D00D5B37B /* Behaviour.h */ = {isa = PBXFileReference; fileEncoding = 4; lastKnownFileType = sourcecode.c.h; name = Behaviour.h; path = ../../FieldKit.cpp/include/fieldkit/physics/Behaviour.h; sourceTree = SOURCE_ROOT; };
		2CA8346111DBBE6D00D5B37B /* Behavioural.h */ = {isa = PBXFileReference; fileEncoding = 4; lastKnownFileType = sourcecode.c.h; name = Behavioural.h; path = ../../FieldKit.cpp/include/fieldkit/physics/Behavioural.h; sourceTree = SOURCE_ROOT; };
		2CA8346211DBBE6D00D5B37B /* Constraint.h */ = {isa = PBXFileReference; fileEncoding = 4; lastKnownFileType = sourcecode.c.h; name = Constraint.h; path = ../../FieldKit.cpp/include/fieldkit/physics/Constraint.h; sourceTree = SOURCE_ROOT; };
		2CA8346311DBBE6D00D5B37B /* Emitter.h */ = {isa = PBXFileReference; fileEncoding = 4; lastKnownFileType = sourcecode.c.h; name = Emitter.h; path = ../../FieldKit.cpp/include/fieldkit/physics/Emitter.h; sourceTree = SOURCE_ROOT; };
		2CA8346411DBBE6D00D5B37B /* Particle.h */ = {isa = PBXFileReference; fileEncoding = 4; lastKnownFileType = sourcecode.c.h; name = Particle.h; path = ../../FieldKit.cpp/include/fieldkit/physics/Particle.h; sourceTree = SOURCE_ROOT; };
		2CA8346511DBBE6D00D5B37B /* Physics.h */ = {isa = PBXFileReference; fileEncoding = 4; lastKnownFileType = sourcecode.c.h; name = Physics.h; path = ../../FieldKit.cpp/include/fieldkit/physics/Physics.h; sourceTree = SOURCE_ROOT; };
		2CA8346611DBBE6D00D5B37B /* PhysicsKit.h */ = {isa = PBXFileReference; fileEncoding = 4; lastKnownFileType = sourcecode.c.h; name = PhysicsKit.h; path = ../../FieldKit.cpp/include/fieldkit/physics/PhysicsKit.h; sourceTree = SOURCE_ROOT; };
		2CA8346711DBBE6D00D5B37B /* Spring.h */ = {isa = PBXFileReference; fileEncoding = 4; lastKnownFileType = sourcecode.c.h; name = Spring.h; path = ../../FieldKit.cpp/include/fieldkit/physics/Spring.h; sourceTree = SOURCE_ROOT; };
		2CD7DAF0122304B9003DE1B7 /* NeighbourUpdate.cpp */ = {isa = PBXFileReference; fileEncoding = 4; lastKnownFileType = sourcecode.cpp.cpp; name = NeighbourUpdate.cpp; path = ../../FieldKit.cpp/src/fieldkit/physics/strategy/NeighbourUpdate.cpp; sourceTree = SOURCE_ROOT; };
		2CD7DAF1122304B9003DE1B7 /* ParticleAllocator.cpp */ = {isa = PBXFileReference; fileEncoding = 4; lastKnownFileType = sourcecode.cpp.cpp; name = ParticleAllocator.cpp; path = ../../FieldKit.cpp/src/fieldkit/physics/strategy/ParticleAllocator.cpp; sourceTree = SOURCE_ROOT; };
		2CD7DAF2122304B9003DE1B7 /* ParticleUpdate.cpp */ = {isa = PBXFileReference; fileEncoding = 4; lastKnownFileType = sourcecode.cpp.cpp; name = ParticleUpdate.cpp; path = ../../FieldKit.cpp/src/fieldkit/physics/strategy/ParticleUpdate.cpp; sourceTree = SOURCE_ROOT; };
		2CD7DAF3122304B9003DE1B7 /* SpringUpdate.cpp */ = {isa = PBXFileReference; fileEncoding = 4; lastKnownFileType = sourcecode.cpp.cpp; name = SpringUpdate.cpp; path = ../../FieldKit.cpp/src/fieldkit/physics/strategy/SpringUpdate.cpp; sourceTree = SOURCE_ROOT; };
		2CD7DAF8122304F4003DE1B7 /* NeighbourUpdate.h */ = {isa = PBXFileReference; fileEncoding = 4; lastKnownFileType = sourcecode.c.h; name = NeighbourUpdate.h; path = ../../FieldKit.cpp/include/fieldkit/physics/strategy/NeighbourUpdate.h; sourceTree = SOURCE_ROOT; };
		2CD7DAF9122304F4003DE1B7 /* ParticleAllocator.h */ = {isa = PBXFileReference; fileEncoding = 4; lastKnownFileType = sourcecode.c.h; name = ParticleAllocator.h; path = ../../FieldKit.cpp/include/fieldkit/physics/strategy/ParticleAllocator.h; sourceTree = SOURCE_ROOT; };
		2CD7DAFA122304F4003DE1B7 /* ParticleUpdate.h */ = {isa = PBXFileReference; fileEncoding = 4; lastKnownFileType = sourcecode.c.h; name = ParticleUpdate.h; path = ../../FieldKit.cpp/include/fieldkit/physics/strategy/ParticleUpdate.h; sourceTree = SOURCE_ROOT; };
		2CD7DAFB122304F4003DE1B7 /* PhysicsStrategy.h */ = {isa = PBXFileReference; fileEncoding = 4; lastKnownFileType = sourcecode.c.h; name = PhysicsStrategy.h; path = ../../FieldKit.cpp/include/fieldkit/physics/strategy/PhysicsStrategy.h; sourceTree = SOURCE_ROOT; };
		2CD7DAFC122304F4003DE1B7 /* SpringUpdate.h */ = {isa = PBXFileReference; fileEncoding = 4; lastKnownFileType = sourcecode.c.h; name = SpringUpdate.h; path = ../../FieldKit.cpp/include/fieldkit/physics/strategy/SpringUpdate.h; sourceTree = SOURCE_ROOT; };
		2CF00B6C11DF227100AD0E7C /* GLKit.cpp */ = {isa = PBXFileReference; fileEncoding = 4; lastKnownFileType = sourcecode.cpp.cpp; name = GLKit.cpp; path = ../../FieldKit.cpp/src/fieldkit/gl/GLKit.cpp; sourceTree = SOURCE_ROOT; };
		5323E6B10EAFCA74003A9687 /* CoreVideo.framework */ = {isa = PBXFileReference; lastKnownFileType = wrapper.framework; name = CoreVideo.framework; path = /System/Library/Frameworks/CoreVideo.framework; sourceTree = "<absolute>"; };
		5323E6B50EAFCA7E003A9687 /* QTKit.framework */ = {isa = PBXFileReference; lastKnownFileType = wrapper.framework; name = QTKit.framework; path = /System/Library/Frameworks/QTKit.framework; sourceTree = "<absolute>"; };
		53E3CDFB0E86099300238D2B /* Carbon.framework */ = {isa = PBXFileReference; lastKnownFileType = wrapper.framework; name = Carbon.framework; path = /System/Library/Frameworks/Carbon.framework; sourceTree = "<absolute>"; };
		8D1107310486CEB800E47090 /* Info.plist */ = {isa = PBXFileReference; fileEncoding = 4; lastKnownFileType = text.plist.xml; path = Info.plist; sourceTree = "<group>"; };
/* End PBXFileReference section */

/* Begin PBXFrameworksBuildPhase section */
		2C240DA211CFC11600856329 /* Frameworks */ = {
			isa = PBXFrameworksBuildPhase;
			buildActionMask = 2147483647;
			files = (
				2C240DA311CFC11600856329 /* Cocoa.framework in Frameworks */,
				2C240DA411CFC11600856329 /* OpenGL.framework in Frameworks */,
				2C240DA511CFC11600856329 /* Carbon.framework in Frameworks */,
				2C240DA611CFC11600856329 /* CoreVideo.framework in Frameworks */,
				2C240DA711CFC11600856329 /* QTKit.framework in Frameworks */,
				2C240DA811CFC11600856329 /* QuickTime.framework in Frameworks */,
				2C240DA911CFC11600856329 /* Accelerate.framework in Frameworks */,
				2C240DAA11CFC11600856329 /* AudioToolbox.framework in Frameworks */,
				2C240DAB11CFC11600856329 /* AudioUnit.framework in Frameworks */,
				2C240DAC11CFC11600856329 /* CoreAudio.framework in Frameworks */,
			);
			runOnlyForDeploymentPostprocessing = 0;
		};
		2C2BEBF711CFB45C00868B71 /* Frameworks */ = {
			isa = PBXFrameworksBuildPhase;
			buildActionMask = 2147483647;
			files = (
				2C2BEBF811CFB45C00868B71 /* Cocoa.framework in Frameworks */,
				2C2BEBF911CFB45C00868B71 /* OpenGL.framework in Frameworks */,
				2C2BEBFA11CFB45C00868B71 /* Carbon.framework in Frameworks */,
				2C2BEBFB11CFB45C00868B71 /* CoreVideo.framework in Frameworks */,
				2C2BEBFC11CFB45C00868B71 /* QTKit.framework in Frameworks */,
				2C2BEBFD11CFB45C00868B71 /* QuickTime.framework in Frameworks */,
				2C2BEBFE11CFB45C00868B71 /* Accelerate.framework in Frameworks */,
				2C2BEBFF11CFB45C00868B71 /* AudioToolbox.framework in Frameworks */,
				2C2BEC0011CFB45C00868B71 /* AudioUnit.framework in Frameworks */,
				2C2BEC0111CFB45C00868B71 /* CoreAudio.framework in Frameworks */,
			);
			runOnlyForDeploymentPostprocessing = 0;
		};
		2C55A26011B0608700041C25 /* Frameworks */ = {
			isa = PBXFrameworksBuildPhase;
			buildActionMask = 2147483647;
			files = (
				2C55A3E911B0610F00041C25 /* Cocoa.framework in Frameworks */,
				2C55A3EA11B0610F00041C25 /* OpenGL.framework in Frameworks */,
				2C55A3EB11B0610F00041C25 /* Carbon.framework in Frameworks */,
				2C55A3EC11B0610F00041C25 /* CoreVideo.framework in Frameworks */,
				2C55A3ED11B0610F00041C25 /* QTKit.framework in Frameworks */,
				2C55A3EE11B0610F00041C25 /* QuickTime.framework in Frameworks */,
				2C55A3EF11B0610F00041C25 /* Accelerate.framework in Frameworks */,
				2C55A3F011B0610F00041C25 /* AudioToolbox.framework in Frameworks */,
				2C55A3F111B0610F00041C25 /* AudioUnit.framework in Frameworks */,
				2C55A3F211B0610F00041C25 /* CoreAudio.framework in Frameworks */,
			);
			runOnlyForDeploymentPostprocessing = 0;
		};
		2CA833D811DB99EE00D5B37B /* Frameworks */ = {
			isa = PBXFrameworksBuildPhase;
			buildActionMask = 2147483647;
			files = (
				2CA833D911DB99EE00D5B37B /* Cocoa.framework in Frameworks */,
				2CA833DA11DB99EE00D5B37B /* OpenGL.framework in Frameworks */,
				2CA833DB11DB99EE00D5B37B /* Carbon.framework in Frameworks */,
				2CA833DC11DB99EE00D5B37B /* CoreVideo.framework in Frameworks */,
				2CA833DD11DB99EE00D5B37B /* QTKit.framework in Frameworks */,
				2CA833DE11DB99EE00D5B37B /* QuickTime.framework in Frameworks */,
				2CA833DF11DB99EE00D5B37B /* Accelerate.framework in Frameworks */,
				2CA833E011DB99EE00D5B37B /* AudioToolbox.framework in Frameworks */,
				2CA833E111DB99EE00D5B37B /* AudioUnit.framework in Frameworks */,
				2CA833E211DB99EE00D5B37B /* CoreAudio.framework in Frameworks */,
			);
			runOnlyForDeploymentPostprocessing = 0;
		};
		2CA833F811DB99F100D5B37B /* Frameworks */ = {
			isa = PBXFrameworksBuildPhase;
			buildActionMask = 2147483647;
			files = (
				2CA833F911DB99F100D5B37B /* Cocoa.framework in Frameworks */,
				2CA833FA11DB99F100D5B37B /* OpenGL.framework in Frameworks */,
				2CA833FB11DB99F100D5B37B /* Carbon.framework in Frameworks */,
				2CA833FC11DB99F100D5B37B /* CoreVideo.framework in Frameworks */,
				2CA833FD11DB99F100D5B37B /* QTKit.framework in Frameworks */,
				2CA833FE11DB99F100D5B37B /* QuickTime.framework in Frameworks */,
				2CA833FF11DB99F100D5B37B /* Accelerate.framework in Frameworks */,
				2CA8340011DB99F100D5B37B /* AudioToolbox.framework in Frameworks */,
				2CA8340111DB99F100D5B37B /* AudioUnit.framework in Frameworks */,
				2CA8340211DB99F100D5B37B /* CoreAudio.framework in Frameworks */,
			);
			runOnlyForDeploymentPostprocessing = 0;
		};
/* End PBXFrameworksBuildPhase section */

/* Begin PBXGroup section */
		080E96DDFE201D6D7F000001 /* Source */ = {
			isa = PBXGroup;
			children = (
				2C240E1611CFC1DF00856329 /* fieldkit */,
			);
			name = Source;
			sourceTree = "<group>";
		};
		1058C7A0FEA54F0111CA2CBB /* Linked Frameworks */ = {
			isa = PBXGroup;
			children = (
				00B784AF0FF439BC000DE1D7 /* Accelerate.framework */,
				00B784B00FF439BC000DE1D7 /* AudioToolbox.framework */,
				00B784B10FF439BC000DE1D7 /* AudioUnit.framework */,
				00B784B20FF439BC000DE1D7 /* CoreAudio.framework */,
				0097E3E40F3E9819005A4392 /* QuickTime.framework */,
				5323E6B50EAFCA7E003A9687 /* QTKit.framework */,
				5323E6B10EAFCA74003A9687 /* CoreVideo.framework */,
				53E3CDFB0E86099300238D2B /* Carbon.framework */,
				0091D8F80E81B9330029341E /* OpenGL.framework */,
				1058C7A1FEA54F0111CA2CBB /* Cocoa.framework */,
			);
			name = "Linked Frameworks";
			sourceTree = "<group>";
		};
		1058C7A2FEA54F0111CA2CBB /* Other Frameworks */ = {
			isa = PBXGroup;
			children = (
				29B97324FDCFA39411CA2CEA /* AppKit.framework */,
				13E42FB307B3F0F600E4EEF1 /* CoreData.framework */,
				29B97325FDCFA39411CA2CEA /* Foundation.framework */,
			);
			name = "Other Frameworks";
			sourceTree = "<group>";
		};
		19C28FACFE9D520D11CA2CBB /* Products */ = {
			isa = PBXGroup;
			children = (
				2C55A26211B0608700041C25 /* libFieldKit.a */,
				2C2BEC0511CFB45C00868B71 /* libFBXKit.a */,
				2C240DB011CFC11600856329 /* libVisionKit.a */,
				2CA833E611DB99EE00D5B37B /* libGLKit.a */,
				2CA8340611DB99F100D5B37B /* libPhysicsKit.a */,
			);
			name = Products;
			sourceTree = "<group>";
		};
		29B97314FDCFA39411CA2CEA /* FieldKit */ = {
			isa = PBXGroup;
			children = (
				29B97315FDCFA39411CA2CEA /* Headers */,
				080E96DDFE201D6D7F000001 /* Source */,
				29B97317FDCFA39411CA2CEA /* Resources */,
				29B97323FDCFA39411CA2CEA /* Frameworks */,
				19C28FACFE9D520D11CA2CBB /* Products */,
			);
			name = FieldKit;
			sourceTree = "<group>";
		};
		29B97315FDCFA39411CA2CEA /* Headers */ = {
			isa = PBXGroup;
			children = (
				2C240DD411CFC1CD00856329 /* fieldkit */,
			);
			name = Headers;
			sourceTree = "<group>";
		};
		29B97317FDCFA39411CA2CEA /* Resources */ = {
			isa = PBXGroup;
			children = (
				8D1107310486CEB800E47090 /* Info.plist */,
				00CCAF14116A9FEE008396D5 /* CinderApp.icns */,
			);
			name = Resources;
			sourceTree = "<group>";
		};
		29B97323FDCFA39411CA2CEA /* Frameworks */ = {
			isa = PBXGroup;
			children = (
				1058C7A0FEA54F0111CA2CBB /* Linked Frameworks */,
				1058C7A2FEA54F0111CA2CBB /* Other Frameworks */,
			);
			name = Frameworks;
			sourceTree = "<group>";
		};
		2C240DD411CFC1CD00856329 /* fieldkit */ = {
			isa = PBXGroup;
			children = (
				2C16CBE211D944E30038C163 /* Logger.h */,
				2C240DDF11CFC1CD00856329 /* FieldKit.h */,
				2C240DD511CFC1CD00856329 /* fbx */,
				2CA8340711DBBD8100D5B37B /* gl */,
				2C240DE111CFC1CD00856329 /* math */,
				2C240DE511CFC1CD00856329 /* physics */,
				2C240DF911CFC1CD00856329 /* tweak */,
				2C240DFC11CFC1CD00856329 /* vision */,
			);
			name = fieldkit;
			path = ../include/fieldkit;
			sourceTree = SOURCE_ROOT;
		};
		2C240DD511CFC1CD00856329 /* fbx */ = {
			isa = PBXGroup;
			children = (
				2C0E69B211D16DC00035A10C /* FBXKit.h */,
				2C240DD611CFC1CD00856329 /* CinderRenderer.h */,
				2C240DD711CFC1CD00856329 /* Common.h */,
				2C240DD911CFC1CD00856329 /* Renderer.h */,
				2C240DDA11CFC1CD00856329 /* RendererDelegates.h */,
				2C240DDB11CFC1CD00856329 /* Scene.h */,
				2C240DDC11CFC1CD00856329 /* SceneController.h */,
				2C240DDD11CFC1CD00856329 /* SceneImporter.h */,
				2C240DDE11CFC1CD00856329 /* Texture.h */,
			);
			path = fbx;
			sourceTree = "<group>";
		};
		2C240DE111CFC1CD00856329 /* math */ = {
			isa = PBXGroup;
			children = (
				2C16CBDA11D944B10038C163 /* MathKit.h */,
				2C240DE311CFC1CD00856329 /* BoundingVolume.h */,
				2C240DE411CFC1CD00856329 /* SphereBound.h */,
				2C240DE211CFC1CD00856329 /* AABB.h */,
				2C49642211FDB72F00749B68 /* Ray.h */,
				2C49644C11FDC1B600749B68 /* Line.h */,
			);
			path = math;
			sourceTree = "<group>";
		};
		2C240DE511CFC1CD00856329 /* physics */ = {
			isa = PBXGroup;
			children = (
				2CA8345711DBBE6400D5B37B /* space */,
				2CA8344611DBBE5E00D5B37B /* behaviour */,
				2C49600711FC337B00749B68 /* strategy */,
				2CA8346011DBBE6D00D5B37B /* Behaviour.h */,
				2CA8346111DBBE6D00D5B37B /* Behavioural.h */,
				2CA8346211DBBE6D00D5B37B /* Constraint.h */,
				2CA8346311DBBE6D00D5B37B /* Emitter.h */,
				2CA8346411DBBE6D00D5B37B /* Particle.h */,
				2CA8346511DBBE6D00D5B37B /* Physics.h */,
				2CA8346611DBBE6D00D5B37B /* PhysicsKit.h */,
				2CA8346711DBBE6D00D5B37B /* Spring.h */,
			);
			path = physics;
			sourceTree = "<group>";
		};
		2C240DF911CFC1CD00856329 /* tweak */ = {
			isa = PBXGroup;
			children = (
				2C240DFA11CFC1CD00856329 /* Model.h */,
				2C240DFB11CFC1CD00856329 /* Tweak.h */,
			);
			path = tweak;
			sourceTree = "<group>";
		};
		2C240DFC11CFC1CD00856329 /* vision */ = {
			isa = PBXGroup;
			children = (
				2C240DFD11CFC1CD00856329 /* camera */,
				2C240E0311CFC1CD00856329 /* constants.h */,
				2C240E0411CFC1CD00856329 /* opencv.h */,
				2C240E0511CFC1CD00856329 /* vision */,
			);
			path = vision;
			sourceTree = "<group>";
		};
		2C240DFD11CFC1CD00856329 /* camera */ = {
			isa = PBXGroup;
			children = (
				2C240DFE11CFC1CD00856329 /* Camera.h */,
				2C240DFF11CFC1CD00856329 /* implementations */,
			);
			path = camera;
			sourceTree = "<group>";
		};
		2C240DFF11CFC1CD00856329 /* implementations */ = {
			isa = PBXGroup;
			children = (
				2C240E0011CFC1CD00856329 /* CinderCamera.h */,
				2C240E0111CFC1CD00856329 /* CinderVideoFileCapture.h */,
				2C240E0211CFC1CD00856329 /* OpenCVCamera.h */,
			);
			path = implementations;
			sourceTree = "<group>";
		};
		2C240E0511CFC1CD00856329 /* vision */ = {
			isa = PBXGroup;
			children = (
				2C240E0611CFC1CD00856329 /* CVFrameProcessor.h */,
				2C240E0711CFC1CD00856329 /* CVImageCache.h */,
				2C240E0811CFC1CD00856329 /* CVProperty.h */,
				2C240E0911CFC1CD00856329 /* processors */,
				2C240E1511CFC1CD00856329 /* Vision.h */,
			);
			path = vision;
			sourceTree = "<group>";
		};
		2C240E0911CFC1CD00856329 /* processors */ = {
			isa = PBXGroup;
			children = (
				2C240E0A11CFC1CD00856329 /* Blob.h */,
				2C240E0B11CFC1CD00856329 /* BlobEvent.h */,
				2C240E0C11CFC1CD00856329 /* BlobEventDispatcher.h */,
				2C240E0D11CFC1CD00856329 /* BlobEventListener.h */,
				2C240E0E11CFC1CD00856329 /* CVBlobDetector.h */,
				2C240E0F11CFC1CD00856329 /* CVStereoBlobDetector.h */,
				2C240E1011CFC1CD00856329 /* Gesture.h */,
				2C240E1111CFC1CD00856329 /* GestureEvent.h */,
				2C240E1211CFC1CD00856329 /* GestureEventDispatcher.h */,
				2C240E1311CFC1CD00856329 /* GestureEventListener.h */,
				2C240E1411CFC1CD00856329 /* GestureTracker.h */,
			);
			path = processors;
			sourceTree = "<group>";
		};
		2C240E1611CFC1DF00856329 /* fieldkit */ = {
			isa = PBXGroup;
			children = (
				2C16CBE011D944D70038C163 /* Logger.cpp */,
				2C240E1711CFC1DF00856329 /* fbx */,
				2CA8340811DBBD8B00D5B37B /* gl */,
				2C240E1D11CFC1DF00856329 /* math */,
				2C240E2011CFC1DF00856329 /* physics */,
				2C240E3211CFC1DF00856329 /* tweak */,
				2C240E3511CFC1DF00856329 /* vision */,
			);
			name = fieldkit;
			path = ../src/fieldkit;
			sourceTree = SOURCE_ROOT;
		};
		2C240E1711CFC1DF00856329 /* fbx */ = {
			isa = PBXGroup;
			children = (
				2C240E1811CFC1DF00856329 /* CinderRenderer.cpp */,
				2C240E1911CFC1DF00856329 /* Renderer.cpp */,
				2C240E1A11CFC1DF00856329 /* Scene.cpp */,
				2C240E1B11CFC1DF00856329 /* SceneController.cpp */,
				2C240E1C11CFC1DF00856329 /* SceneImporter.cpp */,
			);
			path = fbx;
			sourceTree = "<group>";
		};
		2C240E1D11CFC1DF00856329 /* math */ = {
			isa = PBXGroup;
			children = (
				2C16CBDC11D944BD0038C163 /* MathKit.cpp */,
				2C6F1CFE11E85BE1007EFB61 /* BoundingVolume.cpp */,
				2C240E1F11CFC1DF00856329 /* SphereBound.cpp */,
				2C240E1E11CFC1DF00856329 /* AABB.cpp */,
				2C49642411FDB74100749B68 /* Ray.cpp */,
				2C49644D11FDC1D000749B68 /* Line.cpp */,
			);
			path = math;
			sourceTree = "<group>";
		};
		2C240E2011CFC1DF00856329 /* physics */ = {
			isa = PBXGroup;
			children = (
				2CA8343F11DBBE4A00D5B37B /* space */,
				2CA8342E11DBBE3A00D5B37B /* behaviour */,
				2C49600511FC336400749B68 /* strategy */,
				2CA8341E11DBBE0D00D5B37B /* Behavioural.cpp */,
				2CA8341F11DBBE0D00D5B37B /* Emitter.cpp */,
				2CA8342011DBBE0D00D5B37B /* Particle.cpp */,
				2CA8342111DBBE0D00D5B37B /* Physics.cpp */,
				2CA8342211DBBE0D00D5B37B /* Spring.cpp */,
			);
			path = physics;
			sourceTree = "<group>";
		};
		2C240E3211CFC1DF00856329 /* tweak */ = {
			isa = PBXGroup;
			children = (
				2C240E3311CFC1DF00856329 /* Model.cpp */,
				2C240E3411CFC1DF00856329 /* Tweak.cpp */,
			);
			path = tweak;
			sourceTree = "<group>";
		};
		2C240E3511CFC1DF00856329 /* vision */ = {
			isa = PBXGroup;
			children = (
				2C240E3611CFC1DF00856329 /* camera */,
				2C240E3C11CFC1DF00856329 /* vision */,
			);
			path = vision;
			sourceTree = "<group>";
		};
		2C240E3611CFC1DF00856329 /* camera */ = {
			isa = PBXGroup;
			children = (
				2C240E3711CFC1DF00856329 /* Camera.cpp */,
				2C240E3811CFC1DF00856329 /* implementations */,
			);
			path = camera;
			sourceTree = "<group>";
		};
		2C240E3811CFC1DF00856329 /* implementations */ = {
			isa = PBXGroup;
			children = (
				2C240E3911CFC1DF00856329 /* CinderCamera.cpp */,
				2C240E3A11CFC1DF00856329 /* CinderVideoFileCapture.cpp */,
				2C240E3B11CFC1DF00856329 /* OpenCVCamera.cpp */,
			);
			path = implementations;
			sourceTree = "<group>";
		};
		2C240E3C11CFC1DF00856329 /* vision */ = {
			isa = PBXGroup;
			children = (
				2C240E3D11CFC1DF00856329 /* CVFrameProcessor.cpp */,
				2C240E3E11CFC1DF00856329 /* CVImageCache.cpp */,
				2C240E3F11CFC1DF00856329 /* processors */,
				2C240E4311CFC1DF00856329 /* Vision.cpp */,
			);
			path = vision;
			sourceTree = "<group>";
		};
		2C240E3F11CFC1DF00856329 /* processors */ = {
			isa = PBXGroup;
			children = (
				2C240E4011CFC1DF00856329 /* CVBlobDetector.cpp */,
				2C240E4111CFC1DF00856329 /* CVStereoBlobDetector.cpp */,
				2C240E4211CFC1DF00856329 /* GestureTracker.cpp */,
			);
			path = processors;
			sourceTree = "<group>";
		};
		2C49600511FC336400749B68 /* strategy */ = {
			isa = PBXGroup;
			children = (
				2CD7DAF0122304B9003DE1B7 /* NeighbourUpdate.cpp */,
				2CD7DAF1122304B9003DE1B7 /* ParticleAllocator.cpp */,
				2CD7DAF2122304B9003DE1B7 /* ParticleUpdate.cpp */,
				2CD7DAF3122304B9003DE1B7 /* SpringUpdate.cpp */,
			);
			name = strategy;
			sourceTree = "<group>";
		};
		2C49600711FC337B00749B68 /* strategy */ = {
			isa = PBXGroup;
			children = (
				2CD7DAF8122304F4003DE1B7 /* NeighbourUpdate.h */,
				2CD7DAF9122304F4003DE1B7 /* ParticleAllocator.h */,
				2CD7DAFA122304F4003DE1B7 /* ParticleUpdate.h */,
				2CD7DAFB122304F4003DE1B7 /* PhysicsStrategy.h */,
				2CD7DAFC122304F4003DE1B7 /* SpringUpdate.h */,
			);
			name = strategy;
			sourceTree = "<group>";
		};
		2CA8340711DBBD8100D5B37B /* gl */ = {
			isa = PBXGroup;
			children = (
				2CA8340E11DBBDA400D5B37B /* GLKit.h */,
				2CA8340F11DBBDA400D5B37B /* PointCloud.h */,
				2CA8341011DBBDA400D5B37B /* PointDataFormat.h */,
			);
			name = gl;
			sourceTree = "<group>";
		};
		2CA8340811DBBD8B00D5B37B /* gl */ = {
			isa = PBXGroup;
			children = (
				2CA8341611DBBDC200D5B37B /* PointCloud.cpp */,
				2CA8341711DBBDC200D5B37B /* PointDataFormat.cpp */,
				2CF00B6C11DF227100AD0E7C /* GLKit.cpp */,
			);
			name = gl;
			sourceTree = "<group>";
		};
		2CA8342E11DBBE3A00D5B37B /* behaviour */ = {
			isa = PBXGroup;
			children = (
				2CA8342F11DBBE3A00D5B37B /* Attractor.cpp */,
				2CA8343011DBBE3A00D5B37B /* Boundary.cpp */,
				2CA8343111DBBE3A00D5B37B /* Flocking.cpp */,
				2CA8343211DBBE3A00D5B37B /* Force.cpp */,
				2CA8343311DBBE3A00D5B37B /* Initializer.cpp */,
				2CA8343511DBBE3A00D5B37B /* Random.cpp */,
				2CA8343411DBBE3A00D5B37B /* PlaneConstraint.cpp */,
				2CA8343611DBBE3A00D5B37B /* SphereConstraint.cpp */,
				2C49608111FC42A000749B68 /* CollisionConstraint.cpp */,
			);
			name = behaviour;
			path = ../../FieldKit.cpp/src/fieldkit/physics/behaviour;
			sourceTree = SOURCE_ROOT;
		};
		2CA8343F11DBBE4A00D5B37B /* space */ = {
			isa = PBXGroup;
			children = (
				2CA8344211DBBE4A00D5B37B /* Space.cpp */,
				2CA8344011DBBE4A00D5B37B /* BasicSpace.cpp */,
				2CA8344111DBBE4A00D5B37B /* Octree.cpp */,
				2C48C4B411F5FE0700C5E77C /* SpatialHash.cpp */,
			);
			name = space;
			path = ../../FieldKit.cpp/src/fieldkit/physics/space;
			sourceTree = SOURCE_ROOT;
		};
		2CA8344611DBBE5E00D5B37B /* behaviour */ = {
			isa = PBXGroup;
			children = (
				2CA8344711DBBE5E00D5B37B /* Attractor.h */,
				2CA8344811DBBE5E00D5B37B /* Boundary.h */,
				2CA8344911DBBE5E00D5B37B /* Flocking.h */,
				2CA8344A11DBBE5E00D5B37B /* Force.h */,
				2CA8344B11DBBE5E00D5B37B /* Initializer.h */,
				2CA8344D11DBBE5E00D5B37B /* Random.h */,
				2CA8344C11DBBE5E00D5B37B /* PlaneConstraint.h */,
				2CA8344E11DBBE5E00D5B37B /* SphereConstraint.h */,
				2C49607F11FC428300749B68 /* CollisionConstraint.h */,
			);
			name = behaviour;
			path = ../../FieldKit.cpp/include/fieldkit/physics/behaviour;
			sourceTree = SOURCE_ROOT;
		};
		2CA8345711DBBE6400D5B37B /* space */ = {
			isa = PBXGroup;
			children = (
				2CA8345A11DBBE6400D5B37B /* Space.h */,
				2CA8345B11DBBE6400D5B37B /* Spatial.h */,
				2CA8345811DBBE6400D5B37B /* BasicSpace.h */,
				2CA8345911DBBE6400D5B37B /* Octree.h */,
				2C48C4B211F5FAD800C5E77C /* SpatialHash.h */,
			);
			name = space;
			path = ../../FieldKit.cpp/include/fieldkit/physics/space;
			sourceTree = SOURCE_ROOT;
		};
/* End PBXGroup section */

/* Begin PBXHeadersBuildPhase section */
		2C240D7011CFC11600856329 /* Headers */ = {
			isa = PBXHeadersBuildPhase;
			buildActionMask = 2147483647;
			files = (
				2C240EB511CFC2A600856329 /* Blob.h in Headers */,
				2C240EB611CFC2A600856329 /* BlobEvent.h in Headers */,
				2C240EB711CFC2A600856329 /* BlobEventDispatcher.h in Headers */,
				2C240EB811CFC2A600856329 /* BlobEventListener.h in Headers */,
				2C240EB911CFC2A600856329 /* Camera.h in Headers */,
				2C240EBA11CFC2A600856329 /* CinderCamera.h in Headers */,
				2C240EBB11CFC2A600856329 /* CinderVideoFileCapture.h in Headers */,
				2C240EBC11CFC2A600856329 /* constants.h in Headers */,
				2C240EBD11CFC2A600856329 /* CVBlobDetector.h in Headers */,
				2C240EBE11CFC2A600856329 /* CVFrameProcessor.h in Headers */,
				2C240EBF11CFC2A600856329 /* CVImageCache.h in Headers */,
				2C240EC011CFC2A600856329 /* CVProperty.h in Headers */,
				2C240EC111CFC2A600856329 /* CVStereoBlobDetector.h in Headers */,
				2C240EC211CFC2A600856329 /* Gesture.h in Headers */,
				2C240EC311CFC2A600856329 /* GestureEvent.h in Headers */,
				2C240EC411CFC2A600856329 /* GestureEventDispatcher.h in Headers */,
				2C240EC511CFC2A600856329 /* GestureEventListener.h in Headers */,
				2C240EC611CFC2A600856329 /* GestureTracker.h in Headers */,
				2C240EC711CFC2A600856329 /* opencv.h in Headers */,
				2C240EC811CFC2A600856329 /* OpenCVCamera.h in Headers */,
				2C240EC911CFC2A600856329 /* Vision.h in Headers */,
			);
			runOnlyForDeploymentPostprocessing = 0;
		};
		2C2BEBC511CFB45C00868B71 /* Headers */ = {
			isa = PBXHeadersBuildPhase;
			buildActionMask = 2147483647;
			files = (
				2C240EA711CFC28C00856329 /* CinderRenderer.h in Headers */,
				2C240EA811CFC28C00856329 /* Common.h in Headers */,
				2C240EAA11CFC28C00856329 /* Renderer.h in Headers */,
				2C240EAB11CFC28C00856329 /* RendererDelegates.h in Headers */,
				2C240EAC11CFC28C00856329 /* Scene.h in Headers */,
				2C240EAD11CFC28C00856329 /* SceneController.h in Headers */,
				2C240EAE11CFC28C00856329 /* SceneImporter.h in Headers */,
				2C240EAF11CFC28C00856329 /* Texture.h in Headers */,
				2C0E69B311D16DC00035A10C /* FBXKit.h in Headers */,
			);
			runOnlyForDeploymentPostprocessing = 0;
		};
		2C55A25E11B0608700041C25 /* Headers */ = {
			isa = PBXHeadersBuildPhase;
			buildActionMask = 2147483647;
			files = (
				2C240E7D11CFC25400856329 /* AABB.h in Headers */,
				2C240E8211CFC25400856329 /* BoundingVolume.h in Headers */,
				2C240E8511CFC25400856329 /* FieldKit.h in Headers */,
				2C240E8811CFC25400856329 /* Model.h in Headers */,
				2C240E9011CFC25400856329 /* SphereBound.h in Headers */,
				2C240E9311CFC25400856329 /* Tweak.h in Headers */,
				2C16CBDB11D944B10038C163 /* MathKit.h in Headers */,
				2C16CBE311D944E30038C163 /* Logger.h in Headers */,
				2C49642311FDB72F00749B68 /* Ray.h in Headers */,
			);
			runOnlyForDeploymentPostprocessing = 0;
		};
		2CA833C811DB99EE00D5B37B /* Headers */ = {
			isa = PBXHeadersBuildPhase;
			buildActionMask = 2147483647;
			files = (
				2CA8341111DBBDA400D5B37B /* GLKit.h in Headers */,
				2CA8341211DBBDA400D5B37B /* PointCloud.h in Headers */,
				2CA8341311DBBDA400D5B37B /* PointDataFormat.h in Headers */,
			);
			runOnlyForDeploymentPostprocessing = 0;
		};
		2CA833E811DB99F100D5B37B /* Headers */ = {
			isa = PBXHeadersBuildPhase;
			buildActionMask = 2147483647;
			files = (
				2CA8346E11DBBE6D00D5B37B /* PhysicsKit.h in Headers */,
				2CA8344F11DBBE5E00D5B37B /* Attractor.h in Headers */,
				2CA8345011DBBE5E00D5B37B /* Boundary.h in Headers */,
				2CA8345111DBBE5E00D5B37B /* Flocking.h in Headers */,
				2CA8345211DBBE5E00D5B37B /* Force.h in Headers */,
				2CA8345311DBBE5E00D5B37B /* Initializer.h in Headers */,
				2CA8345411DBBE5E00D5B37B /* PlaneConstraint.h in Headers */,
				2CA8345511DBBE5E00D5B37B /* Random.h in Headers */,
				2CA8345611DBBE5E00D5B37B /* SphereConstraint.h in Headers */,
				2CA8345C11DBBE6400D5B37B /* BasicSpace.h in Headers */,
				2CA8345D11DBBE6400D5B37B /* Octree.h in Headers */,
				2CA8345E11DBBE6400D5B37B /* Space.h in Headers */,
				2CA8345F11DBBE6400D5B37B /* Spatial.h in Headers */,
				2CA8346811DBBE6D00D5B37B /* Behaviour.h in Headers */,
				2CA8346911DBBE6D00D5B37B /* Behavioural.h in Headers */,
				2CA8346A11DBBE6D00D5B37B /* Constraint.h in Headers */,
				2CA8346B11DBBE6D00D5B37B /* Emitter.h in Headers */,
				2CA8346C11DBBE6D00D5B37B /* Particle.h in Headers */,
				2CA8346D11DBBE6D00D5B37B /* Physics.h in Headers */,
				2CA8346F11DBBE6D00D5B37B /* Spring.h in Headers */,
				2C48C4B311F5FAD800C5E77C /* SpatialHash.h in Headers */,
				2C49608011FC428300749B68 /* CollisionConstraint.h in Headers */,
				2CD7DAFD122304F4003DE1B7 /* NeighbourUpdate.h in Headers */,
				2CD7DAFE122304F4003DE1B7 /* ParticleAllocator.h in Headers */,
				2CD7DAFF122304F4003DE1B7 /* ParticleUpdate.h in Headers */,
				2CD7DB00122304F4003DE1B7 /* PhysicsStrategy.h in Headers */,
				2CD7DB01122304F4003DE1B7 /* SpringUpdate.h in Headers */,
			);
			runOnlyForDeploymentPostprocessing = 0;
		};
/* End PBXHeadersBuildPhase section */

/* Begin PBXNativeTarget section */
		2C240D6F11CFC11600856329 /* VisionKit */ = {
			isa = PBXNativeTarget;
			buildConfigurationList = 2C240DAD11CFC11600856329 /* Build configuration list for PBXNativeTarget "VisionKit" */;
			buildPhases = (
				2C240D7011CFC11600856329 /* Headers */,
				2C240D8511CFC11600856329 /* Sources */,
				2C240DA211CFC11600856329 /* Frameworks */,
			);
			buildRules = (
			);
			dependencies = (
			);
			name = VisionKit;
			productName = FieldKit;
			productReference = 2C240DB011CFC11600856329 /* libVisionKit.a */;
			productType = "com.apple.product-type.library.static";
		};
		2C2BEBC411CFB45C00868B71 /* FBXKit */ = {
			isa = PBXNativeTarget;
			buildConfigurationList = 2C2BEC0211CFB45C00868B71 /* Build configuration list for PBXNativeTarget "FBXKit" */;
			buildPhases = (
				2C2BEBC511CFB45C00868B71 /* Headers */,
				2C2BEBDA11CFB45C00868B71 /* Sources */,
				2C2BEBF711CFB45C00868B71 /* Frameworks */,
			);
			buildRules = (
			);
			dependencies = (
			);
			name = FBXKit;
			productName = FieldKit;
			productReference = 2C2BEC0511CFB45C00868B71 /* libFBXKit.a */;
			productType = "com.apple.product-type.library.static";
		};
		2C55A26111B0608700041C25 /* FieldKit */ = {
			isa = PBXNativeTarget;
			buildConfigurationList = 2C55A27011B0608C00041C25 /* Build configuration list for PBXNativeTarget "FieldKit" */;
			buildPhases = (
				2C55A25E11B0608700041C25 /* Headers */,
				2C55A25F11B0608700041C25 /* Sources */,
				2C55A26011B0608700041C25 /* Frameworks */,
			);
			buildRules = (
			);
			dependencies = (
			);
			name = FieldKit;
			productName = FieldKit;
			productReference = 2C55A26211B0608700041C25 /* libFieldKit.a */;
			productType = "com.apple.product-type.library.static";
		};
		2CA833C711DB99EE00D5B37B /* GLKit */ = {
			isa = PBXNativeTarget;
			buildConfigurationList = 2CA833E311DB99EE00D5B37B /* Build configuration list for PBXNativeTarget "GLKit" */;
			buildPhases = (
				2CA833C811DB99EE00D5B37B /* Headers */,
				2CA833D211DB99EE00D5B37B /* Sources */,
				2CA833D811DB99EE00D5B37B /* Frameworks */,
			);
			buildRules = (
			);
			dependencies = (
			);
			name = GLKit;
			productName = FieldKit;
			productReference = 2CA833E611DB99EE00D5B37B /* libGLKit.a */;
			productType = "com.apple.product-type.library.static";
		};
		2CA833E711DB99F100D5B37B /* PhysicsKit */ = {
			isa = PBXNativeTarget;
			buildConfigurationList = 2CA8340311DB99F100D5B37B /* Build configuration list for PBXNativeTarget "PhysicsKit" */;
			buildPhases = (
				2CA833E811DB99F100D5B37B /* Headers */,
				2CA833F211DB99F100D5B37B /* Sources */,
				2CA833F811DB99F100D5B37B /* Frameworks */,
			);
			buildRules = (
			);
			dependencies = (
			);
			name = PhysicsKit;
			productName = FieldKit;
			productReference = 2CA8340611DB99F100D5B37B /* libPhysicsKit.a */;
			productType = "com.apple.product-type.library.static";
		};
/* End PBXNativeTarget section */

/* Begin PBXProject section */
		29B97313FDCFA39411CA2CEA /* Project object */ = {
			isa = PBXProject;
			buildConfigurationList = C01FCF4E08A954540054247B /* Build configuration list for PBXProject "FieldKit" */;
			compatibilityVersion = "Xcode 3.2";
			hasScannedForEncodings = 1;
			mainGroup = 29B97314FDCFA39411CA2CEA /* FieldKit */;
			projectDirPath = "";
			projectRoot = "";
			targets = (
				2C0F8FFE11B1163900AD264D /* All Libraries */,
				2C55A26111B0608700041C25 /* FieldKit */,
				2C2BEBC411CFB45C00868B71 /* FBXKit */,
				2CA833C711DB99EE00D5B37B /* GLKit */,
				2CA833E711DB99F100D5B37B /* PhysicsKit */,
				2C240D6F11CFC11600856329 /* VisionKit */,
			);
		};
/* End PBXProject section */

/* Begin PBXSourcesBuildPhase section */
		2C240D8511CFC11600856329 /* Sources */ = {
			isa = PBXSourcesBuildPhase;
			buildActionMask = 2147483647;
			files = (
				2C240ECA11CFC2B200856329 /* Camera.cpp in Sources */,
				2C240ECB11CFC2B200856329 /* CinderCamera.cpp in Sources */,
				2C240ECC11CFC2B200856329 /* CinderVideoFileCapture.cpp in Sources */,
				2C240ECD11CFC2B200856329 /* CVBlobDetector.cpp in Sources */,
				2C240ECE11CFC2B200856329 /* CVFrameProcessor.cpp in Sources */,
				2C240ECF11CFC2B200856329 /* CVImageCache.cpp in Sources */,
				2C240ED011CFC2B200856329 /* CVStereoBlobDetector.cpp in Sources */,
				2C240ED111CFC2B200856329 /* GestureTracker.cpp in Sources */,
				2C240ED211CFC2B200856329 /* OpenCVCamera.cpp in Sources */,
				2C240ED311CFC2B200856329 /* Vision.cpp in Sources */,
			);
			runOnlyForDeploymentPostprocessing = 0;
		};
		2C2BEBDA11CFB45C00868B71 /* Sources */ = {
			isa = PBXSourcesBuildPhase;
			buildActionMask = 2147483647;
			files = (
				2C240EB011CFC29500856329 /* CinderRenderer.cpp in Sources */,
				2C240EB111CFC29500856329 /* Renderer.cpp in Sources */,
				2C240EB211CFC29500856329 /* Scene.cpp in Sources */,
				2C240EB311CFC29500856329 /* SceneController.cpp in Sources */,
				2C240EB411CFC29500856329 /* SceneImporter.cpp in Sources */,
			);
			runOnlyForDeploymentPostprocessing = 0;
		};
		2C55A25F11B0608700041C25 /* Sources */ = {
			isa = PBXSourcesBuildPhase;
			buildActionMask = 2147483647;
			files = (
				2C6F1CFF11E85BE1007EFB61 /* BoundingVolume.cpp in Sources */,
				2C240E9411CFC26B00856329 /* AABB.cpp in Sources */,
				2C240E9B11CFC26B00856329 /* Model.cpp in Sources */,
				2C240EA311CFC26B00856329 /* SphereBound.cpp in Sources */,
				2C240EA611CFC26B00856329 /* Tweak.cpp in Sources */,
				2C16CBDD11D944BD0038C163 /* MathKit.cpp in Sources */,
				2C16CBE111D944D70038C163 /* Logger.cpp in Sources */,
				2C49642511FDB74100749B68 /* Ray.cpp in Sources */,
				2C49644E11FDC1D000749B68 /* Line.cpp in Sources */,
			);
			runOnlyForDeploymentPostprocessing = 0;
		};
		2CA833D211DB99EE00D5B37B /* Sources */ = {
			isa = PBXSourcesBuildPhase;
			buildActionMask = 2147483647;
			files = (
				2CF00B6D11DF227100AD0E7C /* GLKit.cpp in Sources */,
				2CA8341811DBBDC200D5B37B /* PointCloud.cpp in Sources */,
				2CA8341911DBBDC200D5B37B /* PointDataFormat.cpp in Sources */,
			);
			runOnlyForDeploymentPostprocessing = 0;
		};
		2CA833F211DB99F100D5B37B /* Sources */ = {
			isa = PBXSourcesBuildPhase;
			buildActionMask = 2147483647;
			files = (
				2CA8342311DBBE0D00D5B37B /* Behavioural.cpp in Sources */,
				2CA8342411DBBE0D00D5B37B /* Emitter.cpp in Sources */,
				2CA8342511DBBE0D00D5B37B /* Particle.cpp in Sources */,
				2CA8342611DBBE0D00D5B37B /* Physics.cpp in Sources */,
				2CA8342711DBBE0D00D5B37B /* Spring.cpp in Sources */,
				2CA8343711DBBE3A00D5B37B /* Attractor.cpp in Sources */,
				2CA8343811DBBE3A00D5B37B /* Boundary.cpp in Sources */,
				2CA8343911DBBE3A00D5B37B /* Flocking.cpp in Sources */,
				2CA8343A11DBBE3A00D5B37B /* Force.cpp in Sources */,
				2CA8343B11DBBE3A00D5B37B /* Initializer.cpp in Sources */,
				2CA8343C11DBBE3A00D5B37B /* PlaneConstraint.cpp in Sources */,
				2CA8343D11DBBE3A00D5B37B /* Random.cpp in Sources */,
				2CA8343E11DBBE3A00D5B37B /* SphereConstraint.cpp in Sources */,
				2CA8344311DBBE4A00D5B37B /* BasicSpace.cpp in Sources */,
				2CA8344411DBBE4A00D5B37B /* Octree.cpp in Sources */,
				2CA8344511DBBE4A00D5B37B /* Space.cpp in Sources */,
				2C48C4B511F5FE0700C5E77C /* SpatialHash.cpp in Sources */,
				2C49608211FC42A100749B68 /* CollisionConstraint.cpp in Sources */,
				2CD7DAF4122304B9003DE1B7 /* NeighbourUpdate.cpp in Sources */,
				2CD7DAF5122304B9003DE1B7 /* ParticleAllocator.cpp in Sources */,
				2CD7DAF6122304B9003DE1B7 /* ParticleUpdate.cpp in Sources */,
				2CD7DAF7122304B9003DE1B7 /* SpringUpdate.cpp in Sources */,
			);
			runOnlyForDeploymentPostprocessing = 0;
		};
/* End PBXSourcesBuildPhase section */

/* Begin PBXTargetDependency section */
		2C0F900411B1164200AD264D /* PBXTargetDependency */ = {
			isa = PBXTargetDependency;
			target = 2C55A26111B0608700041C25 /* FieldKit */;
			targetProxy = 2C0F900311B1164200AD264D /* PBXContainerItemProxy */;
		};
		2C240EE611CFC4F400856329 /* PBXTargetDependency */ = {
			isa = PBXTargetDependency;
			target = 2C2BEBC411CFB45C00868B71 /* FBXKit */;
			targetProxy = 2C240EE511CFC4F400856329 /* PBXContainerItemProxy */;
		};
		2C240EE811CFC4F600856329 /* PBXTargetDependency */ = {
			isa = PBXTargetDependency;
			target = 2C240D6F11CFC11600856329 /* VisionKit */;
			targetProxy = 2C240EE711CFC4F600856329 /* PBXContainerItemProxy */;
		};
		2CA8347111DBBE8E00D5B37B /* PBXTargetDependency */ = {
			isa = PBXTargetDependency;
			target = 2CA833E711DB99F100D5B37B /* PhysicsKit */;
			targetProxy = 2CA8347011DBBE8E00D5B37B /* PBXContainerItemProxy */;
		};
		2CA8347311DBBE8E00D5B37B /* PBXTargetDependency */ = {
			isa = PBXTargetDependency;
			target = 2CA833C711DB99EE00D5B37B /* GLKit */;
			targetProxy = 2CA8347211DBBE8E00D5B37B /* PBXContainerItemProxy */;
		};
/* End PBXTargetDependency section */

/* Begin XCBuildConfiguration section */
		2C0F8FFF11B1163900AD264D /* Debug */ = {
			isa = XCBuildConfiguration;
			buildSettings = {
				COPY_PHASE_STRIP = NO;
				GCC_DYNAMIC_NO_PIC = NO;
				GCC_OPTIMIZATION_LEVEL = 0;
				PRODUCT_NAME = All;
			};
			name = Debug;
		};
		2C0F900011B1163900AD264D /* Release */ = {
			isa = XCBuildConfiguration;
			buildSettings = {
				COPY_PHASE_STRIP = YES;
				DEBUG_INFORMATION_FORMAT = "dwarf-with-dsym";
				GCC_ENABLE_FIX_AND_CONTINUE = NO;
				PRODUCT_NAME = All;
				ZERO_LINK = NO;
			};
			name = Release;
		};
		2C240DAE11CFC11600856329 /* Debug */ = {
			isa = XCBuildConfiguration;
			buildSettings = {
				ALWAYS_SEARCH_USER_PATHS = NO;
				CONFIGURATION_BUILD_DIR = "$(BUILD_DIR)/";
				COPY_PHASE_STRIP = NO;
				GCC_DYNAMIC_NO_PIC = NO;
				GCC_OPTIMIZATION_LEVEL = 0;
				MACH_O_TYPE = staticlib;
				PREBINDING = NO;
				PRODUCT_NAME = VisionKit_d;
				SYMROOT = ../lib;
			};
			name = Debug;
		};
		2C240DAF11CFC11600856329 /* Release */ = {
			isa = XCBuildConfiguration;
			buildSettings = {
				ALWAYS_SEARCH_USER_PATHS = NO;
				CONFIGURATION_BUILD_DIR = "$(BUILD_DIR)/";
				COPY_PHASE_STRIP = YES;
				DEBUG_INFORMATION_FORMAT = "dwarf-with-dsym";
				GCC_ENABLE_FIX_AND_CONTINUE = NO;
				MACH_O_TYPE = staticlib;
				PREBINDING = NO;
				PRODUCT_NAME = VisionKit;
				SYMROOT = ../lib;
				ZERO_LINK = NO;
			};
			name = Release;
		};
		2C2BEC0311CFB45C00868B71 /* Debug */ = {
			isa = XCBuildConfiguration;
			buildSettings = {
				ALWAYS_SEARCH_USER_PATHS = NO;
				CONFIGURATION_BUILD_DIR = "$(BUILD_DIR)/";
				COPY_PHASE_STRIP = NO;
				GCC_DYNAMIC_NO_PIC = NO;
				GCC_OPTIMIZATION_LEVEL = 0;
				MACH_O_TYPE = staticlib;
				PREBINDING = NO;
				PRODUCT_NAME = FBXKit_d;
				SYMROOT = ../lib;
			};
			name = Debug;
		};
		2C2BEC0411CFB45C00868B71 /* Release */ = {
			isa = XCBuildConfiguration;
			buildSettings = {
				ALWAYS_SEARCH_USER_PATHS = NO;
				CONFIGURATION_BUILD_DIR = "$(BUILD_DIR)/";
				COPY_PHASE_STRIP = YES;
				DEBUG_INFORMATION_FORMAT = "dwarf-with-dsym";
				GCC_ENABLE_FIX_AND_CONTINUE = NO;
				MACH_O_TYPE = staticlib;
				PREBINDING = NO;
				PRODUCT_NAME = FBXKit;
				SYMROOT = ../lib;
				ZERO_LINK = NO;
			};
			name = Release;
		};
		2C55A26311B0608800041C25 /* Debug */ = {
			isa = XCBuildConfiguration;
			buildSettings = {
				CONFIGURATION_BUILD_DIR = "$(BUILD_DIR)/";
				COPY_PHASE_STRIP = NO;
				GCC_DYNAMIC_NO_PIC = NO;
				GCC_OPTIMIZATION_LEVEL = 0;
				MACH_O_TYPE = staticlib;
				PREBINDING = NO;
				PRODUCT_NAME = FieldKit_d;
				SYMROOT = ../lib;
			};
			name = Debug;
		};
		2C55A26411B0608800041C25 /* Release */ = {
			isa = XCBuildConfiguration;
			buildSettings = {
				CONFIGURATION_BUILD_DIR = "$(BUILD_DIR)/";
				COPY_PHASE_STRIP = YES;
				DEBUG_INFORMATION_FORMAT = "dwarf-with-dsym";
				GCC_ENABLE_FIX_AND_CONTINUE = NO;
				MACH_O_TYPE = staticlib;
				PREBINDING = NO;
				PRODUCT_NAME = FieldKit;
				SYMROOT = ../lib;
				ZERO_LINK = NO;
			};
			name = Release;
		};
		2CA833E411DB99EE00D5B37B /* Debug */ = {
			isa = XCBuildConfiguration;
			buildSettings = {
				ALWAYS_SEARCH_USER_PATHS = NO;
				CONFIGURATION_BUILD_DIR = "$(BUILD_DIR)/";
				COPY_PHASE_STRIP = NO;
				GCC_DYNAMIC_NO_PIC = NO;
				GCC_OPTIMIZATION_LEVEL = 0;
				MACH_O_TYPE = staticlib;
				PREBINDING = NO;
				PRODUCT_NAME = GLKit_d;
				SYMROOT = ../lib;
			};
			name = Debug;
		};
		2CA833E511DB99EE00D5B37B /* Release */ = {
			isa = XCBuildConfiguration;
			buildSettings = {
				ALWAYS_SEARCH_USER_PATHS = NO;
				CONFIGURATION_BUILD_DIR = "$(BUILD_DIR)/";
				COPY_PHASE_STRIP = YES;
				DEBUG_INFORMATION_FORMAT = "dwarf-with-dsym";
				GCC_ENABLE_FIX_AND_CONTINUE = NO;
				MACH_O_TYPE = staticlib;
				PREBINDING = NO;
				PRODUCT_NAME = GLKit;
				SYMROOT = ../lib;
				ZERO_LINK = NO;
			};
			name = Release;
		};
		2CA8340411DB99F100D5B37B /* Debug */ = {
			isa = XCBuildConfiguration;
			buildSettings = {
				ALWAYS_SEARCH_USER_PATHS = NO;
				CONFIGURATION_BUILD_DIR = "$(BUILD_DIR)/";
				COPY_PHASE_STRIP = NO;
				GCC_DYNAMIC_NO_PIC = NO;
				GCC_OPTIMIZATION_LEVEL = 0;
				MACH_O_TYPE = staticlib;
				PREBINDING = NO;
				PRODUCT_NAME = PhysicsKit_d;
				SYMROOT = ../lib;
			};
			name = Debug;
		};
		2CA8340511DB99F100D5B37B /* Release */ = {
			isa = XCBuildConfiguration;
			buildSettings = {
				ALWAYS_SEARCH_USER_PATHS = NO;
				CONFIGURATION_BUILD_DIR = "$(BUILD_DIR)/";
				COPY_PHASE_STRIP = YES;
				DEBUG_INFORMATION_FORMAT = "dwarf-with-dsym";
				GCC_ENABLE_FIX_AND_CONTINUE = NO;
				MACH_O_TYPE = staticlib;
				PREBINDING = NO;
				PRODUCT_NAME = PhysicsKit;
				SYMROOT = ../lib;
				ZERO_LINK = NO;
			};
			name = Release;
		};
		C01FCF4F08A954540054247B /* Debug */ = {
			isa = XCBuildConfiguration;
			buildSettings = {
				ALWAYS_SEARCH_USER_PATHS = NO;
				ARCHS = i386;
				CINDER_PATH = ../../cinder;
				FBXSDK_PATH = /Applications/Autodesk/FBXSDK20113;
				GCC_WARN_ABOUT_RETURN_TYPE = YES;
				GCC_WARN_UNUSED_VARIABLE = YES;
				HEADER_SEARCH_PATHS = (
					"$(CINDER_PATH)/boost",
					"$(CINDER_PATH)/include",
					"$(OPENCV_PATH)/include",
					"$(FBXSDK_PATH)/include",
				);
				OPENCV_PATH = ../../opencv;
				PREBINDING = NO;
				SDKROOT = macosx10.5;
				USER_HEADER_SEARCH_PATHS = ../include;
				VALID_ARCHS = "i386 x86_64";
			};
			name = Debug;
		};
		C01FCF5008A954540054247B /* Release */ = {
			isa = XCBuildConfiguration;
			buildSettings = {
				ALWAYS_SEARCH_USER_PATHS = NO;
				ARCHS = i386;
				CINDER_PATH = ../../cinder;
				FBXSDK_PATH = /Applications/Autodesk/FBXSDK20113;
				GCC_MODEL_TUNING = G5;
				GCC_WARN_ABOUT_RETURN_TYPE = YES;
				GCC_WARN_UNUSED_VARIABLE = YES;
				HEADER_SEARCH_PATHS = (
					"$(CINDER_PATH)/boost",
					"$(CINDER_PATH)/include",
					"$(OPENCV_PATH)/include",
					"$(FBXSDK_PATH)/include",
				);
				OPENCV_PATH = ../../opencv;
				PREBINDING = NO;
				SDKROOT = macosx10.5;
				USER_HEADER_SEARCH_PATHS = ../include;
				VALID_ARCHS = "i386 x86_64";
			};
			name = Release;
		};
/* End XCBuildConfiguration section */

/* Begin XCConfigurationList section */
		2C0F900F11B1169700AD264D /* Build configuration list for PBXAggregateTarget "All Libraries" */ = {
			isa = XCConfigurationList;
			buildConfigurations = (
				2C0F8FFF11B1163900AD264D /* Debug */,
				2C0F900011B1163900AD264D /* Release */,
			);
			defaultConfigurationIsVisible = 0;
			defaultConfigurationName = Release;
		};
		2C240DAD11CFC11600856329 /* Build configuration list for PBXNativeTarget "VisionKit" */ = {
			isa = XCConfigurationList;
			buildConfigurations = (
				2C240DAE11CFC11600856329 /* Debug */,
				2C240DAF11CFC11600856329 /* Release */,
			);
			defaultConfigurationIsVisible = 0;
			defaultConfigurationName = Release;
		};
		2C2BEC0211CFB45C00868B71 /* Build configuration list for PBXNativeTarget "FBXKit" */ = {
			isa = XCConfigurationList;
			buildConfigurations = (
				2C2BEC0311CFB45C00868B71 /* Debug */,
				2C2BEC0411CFB45C00868B71 /* Release */,
			);
			defaultConfigurationIsVisible = 0;
			defaultConfigurationName = Release;
		};
		2C55A27011B0608C00041C25 /* Build configuration list for PBXNativeTarget "FieldKit" */ = {
			isa = XCConfigurationList;
			buildConfigurations = (
				2C55A26311B0608800041C25 /* Debug */,
				2C55A26411B0608800041C25 /* Release */,
			);
			defaultConfigurationIsVisible = 0;
			defaultConfigurationName = Release;
		};
		2CA833E311DB99EE00D5B37B /* Build configuration list for PBXNativeTarget "GLKit" */ = {
			isa = XCConfigurationList;
			buildConfigurations = (
				2CA833E411DB99EE00D5B37B /* Debug */,
				2CA833E511DB99EE00D5B37B /* Release */,
			);
			defaultConfigurationIsVisible = 0;
			defaultConfigurationName = Release;
		};
		2CA8340311DB99F100D5B37B /* Build configuration list for PBXNativeTarget "PhysicsKit" */ = {
			isa = XCConfigurationList;
			buildConfigurations = (
				2CA8340411DB99F100D5B37B /* Debug */,
				2CA8340511DB99F100D5B37B /* Release */,
			);
			defaultConfigurationIsVisible = 0;
			defaultConfigurationName = Release;
		};
		C01FCF4E08A954540054247B /* Build configuration list for PBXProject "FieldKit" */ = {
			isa = XCConfigurationList;
			buildConfigurations = (
				C01FCF4F08A954540054247B /* Debug */,
				C01FCF5008A954540054247B /* Release */,
			);
			defaultConfigurationIsVisible = 0;
			defaultConfigurationName = Release;
		};
/* End XCConfigurationList section */
	};
	rootObject = 29B97313FDCFA39411CA2CEA /* Project object */;
}
