// !$*UTF8*$!
{
	archiveVersion = 1;
	classes = {
	};
	objectVersion = 44;
	objects = {

/* Begin PBXAggregateTarget section */
		2C88901811A6A56500E716F0 /* Tests */ = {
			isa = PBXAggregateTarget;
			buildConfigurationList = 2C88901D11A6A59400E716F0 /* Build configuration list for PBXAggregateTarget "Tests" */;
			buildPhases = (
			);
			dependencies = (
				2C88901C11A6A56900E716F0 /* PBXTargetDependency */,
			);
			name = Tests;
			productName = Tests;
		};
/* End PBXAggregateTarget section */

/* Begin PBXBuildFile section */
		0091D8F90E81B9330029341E /* OpenGL.framework in Frameworks */ = {isa = PBXBuildFile; fileRef = 0091D8F80E81B9330029341E /* OpenGL.framework */; };
		0097E3E50F3E9819005A4392 /* QuickTime.framework in Frameworks */ = {isa = PBXBuildFile; fileRef = 0097E3E40F3E9819005A4392 /* QuickTime.framework */; };
		00B784B30FF439BC000DE1D7 /* Accelerate.framework in Frameworks */ = {isa = PBXBuildFile; fileRef = 00B784AF0FF439BC000DE1D7 /* Accelerate.framework */; };
		00B784B40FF439BC000DE1D7 /* AudioToolbox.framework in Frameworks */ = {isa = PBXBuildFile; fileRef = 00B784B00FF439BC000DE1D7 /* AudioToolbox.framework */; };
		00B784B50FF439BC000DE1D7 /* AudioUnit.framework in Frameworks */ = {isa = PBXBuildFile; fileRef = 00B784B10FF439BC000DE1D7 /* AudioUnit.framework */; };
		00B784B60FF439BC000DE1D7 /* CoreAudio.framework in Frameworks */ = {isa = PBXBuildFile; fileRef = 00B784B20FF439BC000DE1D7 /* CoreAudio.framework */; };
		00BAE65A0E7ED9C10018A608 /* HelloParticlesApp.cpp in Sources */ = {isa = PBXBuildFile; fileRef = 00BAE6590E7ED9C10018A608 /* HelloParticlesApp.cpp */; };
		00CCAF15116A9FEE008396D5 /* CinderApp.icns in Resources */ = {isa = PBXBuildFile; fileRef = 00CCAF14116A9FEE008396D5 /* CinderApp.icns */; };
		2C094C7711AAF63E0018103A /* BoundingVolume.cpp in Sources */ = {isa = PBXBuildFile; fileRef = 2C094C7611AAF63E0018103A /* BoundingVolume.cpp */; };
		2C88901011A6A08B00E716F0 /* Emitter.cpp in Sources */ = {isa = PBXBuildFile; fileRef = 2C88900C11A6A08B00E716F0 /* Emitter.cpp */; };
		2C88901111A6A08B00E716F0 /* Particle.cpp in Sources */ = {isa = PBXBuildFile; fileRef = 2C88900E11A6A08B00E716F0 /* Particle.cpp */; };
		2C88901211A6A08B00E716F0 /* Physics.cpp in Sources */ = {isa = PBXBuildFile; fileRef = 2C88900F11A6A08B00E716F0 /* Physics.cpp */; };
		2CB6AAC711A6D1DD00983354 /* Behavioural.cpp in Sources */ = {isa = PBXBuildFile; fileRef = 2CB6AAC611A6D1DD00983354 /* Behavioural.cpp */; };
		2CB6AB6811A7378F00983354 /* IterationTest.cpp in Sources */ = {isa = PBXBuildFile; fileRef = 2CB6AB4A11A7375F00983354 /* IterationTest.cpp */; };
		2CB6AD3B11A73EFC00983354 /* Cocoa.framework in Frameworks */ = {isa = PBXBuildFile; fileRef = 1058C7A1FEA54F0111CA2CBB /* Cocoa.framework */; };
		2CB6AD3C11A73EFC00983354 /* OpenGL.framework in Frameworks */ = {isa = PBXBuildFile; fileRef = 0091D8F80E81B9330029341E /* OpenGL.framework */; };
		2CB6AD3D11A73EFC00983354 /* Carbon.framework in Frameworks */ = {isa = PBXBuildFile; fileRef = 53E3CDFB0E86099300238D2B /* Carbon.framework */; };
		2CB6AD3E11A73EFC00983354 /* CoreVideo.framework in Frameworks */ = {isa = PBXBuildFile; fileRef = 5323E6B10EAFCA74003A9687 /* CoreVideo.framework */; };
		2CB6AD3F11A73EFC00983354 /* QTKit.framework in Frameworks */ = {isa = PBXBuildFile; fileRef = 5323E6B50EAFCA7E003A9687 /* QTKit.framework */; };
		2CB6AD4011A73EFC00983354 /* QuickTime.framework in Frameworks */ = {isa = PBXBuildFile; fileRef = 0097E3E40F3E9819005A4392 /* QuickTime.framework */; };
		2CB6AD4111A73EFC00983354 /* Accelerate.framework in Frameworks */ = {isa = PBXBuildFile; fileRef = 00B784AF0FF439BC000DE1D7 /* Accelerate.framework */; };
		2CB6AD4211A73EFC00983354 /* AudioToolbox.framework in Frameworks */ = {isa = PBXBuildFile; fileRef = 00B784B00FF439BC000DE1D7 /* AudioToolbox.framework */; };
		2CB6AD4311A73EFC00983354 /* AudioUnit.framework in Frameworks */ = {isa = PBXBuildFile; fileRef = 00B784B10FF439BC000DE1D7 /* AudioUnit.framework */; };
		2CB6AD4411A73EFC00983354 /* CoreAudio.framework in Frameworks */ = {isa = PBXBuildFile; fileRef = 00B784B20FF439BC000DE1D7 /* CoreAudio.framework */; };
		2CB6ADBE11A7D2F000983354 /* Cocoa.framework in Frameworks */ = {isa = PBXBuildFile; fileRef = 1058C7A1FEA54F0111CA2CBB /* Cocoa.framework */; };
		2CB6ADBF11A7D2F000983354 /* OpenGL.framework in Frameworks */ = {isa = PBXBuildFile; fileRef = 0091D8F80E81B9330029341E /* OpenGL.framework */; };
		2CB6ADC011A7D2F000983354 /* Carbon.framework in Frameworks */ = {isa = PBXBuildFile; fileRef = 53E3CDFB0E86099300238D2B /* Carbon.framework */; };
		2CB6ADC111A7D2F000983354 /* CoreVideo.framework in Frameworks */ = {isa = PBXBuildFile; fileRef = 5323E6B10EAFCA74003A9687 /* CoreVideo.framework */; };
		2CB6ADC211A7D2F000983354 /* QTKit.framework in Frameworks */ = {isa = PBXBuildFile; fileRef = 5323E6B50EAFCA7E003A9687 /* QTKit.framework */; };
		2CB6ADC311A7D2F000983354 /* QuickTime.framework in Frameworks */ = {isa = PBXBuildFile; fileRef = 0097E3E40F3E9819005A4392 /* QuickTime.framework */; };
		2CB6ADC411A7D2F000983354 /* Accelerate.framework in Frameworks */ = {isa = PBXBuildFile; fileRef = 00B784AF0FF439BC000DE1D7 /* Accelerate.framework */; };
		2CB6ADC511A7D2F000983354 /* AudioToolbox.framework in Frameworks */ = {isa = PBXBuildFile; fileRef = 00B784B00FF439BC000DE1D7 /* AudioToolbox.framework */; };
		2CB6ADC611A7D2F000983354 /* AudioUnit.framework in Frameworks */ = {isa = PBXBuildFile; fileRef = 00B784B10FF439BC000DE1D7 /* AudioUnit.framework */; };
		2CB6ADC711A7D2F000983354 /* CoreAudio.framework in Frameworks */ = {isa = PBXBuildFile; fileRef = 00B784B20FF439BC000DE1D7 /* CoreAudio.framework */; };
		2CB6ADCD11A7D31900983354 /* IterationTestOpenMP.cpp in Sources */ = {isa = PBXBuildFile; fileRef = 2CB6ADB911A7D2DA00983354 /* IterationTestOpenMP.cpp */; };
		2CC1C94411AAAE930052C0B3 /* Spatial.cpp in Sources */ = {isa = PBXBuildFile; fileRef = 2CC1C94311AAAE930052C0B3 /* Spatial.cpp */; };
		2CC1C97811AABF2D0052C0B3 /* AABB.cpp in Sources */ = {isa = PBXBuildFile; fileRef = 2CC1C97711AABF2D0052C0B3 /* AABB.cpp */; };
		2CEFC56111A91881002362A9 /* Space.cpp in Sources */ = {isa = PBXBuildFile; fileRef = 2CEFC56011A91881002362A9 /* Space.cpp */; };
		5323E6B20EAFCA74003A9687 /* CoreVideo.framework in Frameworks */ = {isa = PBXBuildFile; fileRef = 5323E6B10EAFCA74003A9687 /* CoreVideo.framework */; };
		5323E6B60EAFCA7E003A9687 /* QTKit.framework in Frameworks */ = {isa = PBXBuildFile; fileRef = 5323E6B50EAFCA7E003A9687 /* QTKit.framework */; };
		53E3CDFC0E86099300238D2B /* Carbon.framework in Frameworks */ = {isa = PBXBuildFile; fileRef = 53E3CDFB0E86099300238D2B /* Carbon.framework */; };
		8D11072F0486CEB800E47090 /* Cocoa.framework in Frameworks */ = {isa = PBXBuildFile; fileRef = 1058C7A1FEA54F0111CA2CBB /* Cocoa.framework */; };
/* End PBXBuildFile section */

/* Begin PBXContainerItemProxy section */
		2C88901B11A6A56900E716F0 /* PBXContainerItemProxy */ = {
			isa = PBXContainerItemProxy;
			containerPortal = 29B97313FDCFA39411CA2CEA /* Project object */;
			proxyType = 1;
			remoteGlobalIDString = 8D1107260486CEB800E47090;
			remoteInfo = HelloParticles;
		};
/* End PBXContainerItemProxy section */

/* Begin PBXFileReference section */
		0091D8F80E81B9330029341E /* OpenGL.framework */ = {isa = PBXFileReference; lastKnownFileType = wrapper.framework; name = OpenGL.framework; path = /System/Library/Frameworks/OpenGL.framework; sourceTree = "<absolute>"; };
		0097E3E40F3E9819005A4392 /* QuickTime.framework */ = {isa = PBXFileReference; lastKnownFileType = wrapper.framework; name = QuickTime.framework; path = /System/Library/Frameworks/QuickTime.framework; sourceTree = "<absolute>"; };
		00B784AF0FF439BC000DE1D7 /* Accelerate.framework */ = {isa = PBXFileReference; lastKnownFileType = wrapper.framework; name = Accelerate.framework; path = System/Library/Frameworks/Accelerate.framework; sourceTree = SDKROOT; };
		00B784B00FF439BC000DE1D7 /* AudioToolbox.framework */ = {isa = PBXFileReference; lastKnownFileType = wrapper.framework; name = AudioToolbox.framework; path = System/Library/Frameworks/AudioToolbox.framework; sourceTree = SDKROOT; };
		00B784B10FF439BC000DE1D7 /* AudioUnit.framework */ = {isa = PBXFileReference; lastKnownFileType = wrapper.framework; name = AudioUnit.framework; path = System/Library/Frameworks/AudioUnit.framework; sourceTree = SDKROOT; };
		00B784B20FF439BC000DE1D7 /* CoreAudio.framework */ = {isa = PBXFileReference; lastKnownFileType = wrapper.framework; name = CoreAudio.framework; path = System/Library/Frameworks/CoreAudio.framework; sourceTree = SDKROOT; };
		00BAE6590E7ED9C10018A608 /* HelloParticlesApp.cpp */ = {isa = PBXFileReference; fileEncoding = 4; lastKnownFileType = sourcecode.cpp.cpp; name = HelloParticlesApp.cpp; path = ../src/HelloParticlesApp.cpp; sourceTree = SOURCE_ROOT; };
		00CCAF14116A9FEE008396D5 /* CinderApp.icns */ = {isa = PBXFileReference; lastKnownFileType = image.icns; path = CinderApp.icns; sourceTree = SOURCE_ROOT; };
		1058C7A1FEA54F0111CA2CBB /* Cocoa.framework */ = {isa = PBXFileReference; lastKnownFileType = wrapper.framework; name = Cocoa.framework; path = /System/Library/Frameworks/Cocoa.framework; sourceTree = "<absolute>"; };
		13E42FB307B3F0F600E4EEF1 /* CoreData.framework */ = {isa = PBXFileReference; lastKnownFileType = wrapper.framework; name = CoreData.framework; path = /System/Library/Frameworks/CoreData.framework; sourceTree = "<absolute>"; };
		29B97324FDCFA39411CA2CEA /* AppKit.framework */ = {isa = PBXFileReference; lastKnownFileType = wrapper.framework; name = AppKit.framework; path = /System/Library/Frameworks/AppKit.framework; sourceTree = "<absolute>"; };
		29B97325FDCFA39411CA2CEA /* Foundation.framework */ = {isa = PBXFileReference; lastKnownFileType = wrapper.framework; name = Foundation.framework; path = /System/Library/Frameworks/Foundation.framework; sourceTree = "<absolute>"; };
		2C094C6111AAF46B0018103A /* Logger.h */ = {isa = PBXFileReference; fileEncoding = 4; lastKnownFileType = sourcecode.c.h; path = Logger.h; sourceTree = "<group>"; };
		2C094C7611AAF63E0018103A /* BoundingVolume.cpp */ = {isa = PBXFileReference; fileEncoding = 4; lastKnownFileType = sourcecode.cpp.cpp; path = BoundingVolume.cpp; sourceTree = "<group>"; };
		2C88900311A6A07E00E716F0 /* FieldKit.h */ = {isa = PBXFileReference; fileEncoding = 4; lastKnownFileType = sourcecode.c.h; path = FieldKit.h; sourceTree = "<group>"; };
		2C88900511A6A07E00E716F0 /* Behaviour.h */ = {isa = PBXFileReference; fileEncoding = 4; lastKnownFileType = sourcecode.c.h; path = Behaviour.h; sourceTree = "<group>"; };
		2C88900611A6A07E00E716F0 /* Behavioural.h */ = {isa = PBXFileReference; fileEncoding = 4; lastKnownFileType = sourcecode.c.h; path = Behavioural.h; sourceTree = "<group>"; };
		2C88900711A6A07E00E716F0 /* Constraint.h */ = {isa = PBXFileReference; fileEncoding = 4; lastKnownFileType = sourcecode.c.h; path = Constraint.h; sourceTree = "<group>"; };
		2C88900811A6A07E00E716F0 /* Particle.h */ = {isa = PBXFileReference; fileEncoding = 4; lastKnownFileType = sourcecode.c.h; path = Particle.h; sourceTree = "<group>"; };
		2C88900911A6A07E00E716F0 /* Physics.h */ = {isa = PBXFileReference; fileEncoding = 4; lastKnownFileType = sourcecode.c.h; path = Physics.h; sourceTree = "<group>"; };
		2C88900C11A6A08B00E716F0 /* Emitter.cpp */ = {isa = PBXFileReference; fileEncoding = 4; lastKnownFileType = sourcecode.cpp.cpp; path = Emitter.cpp; sourceTree = "<group>"; };
		2C88900D11A6A08B00E716F0 /* Emitter.h */ = {isa = PBXFileReference; fileEncoding = 4; lastKnownFileType = sourcecode.c.h; path = Emitter.h; sourceTree = "<group>"; };
		2C88900E11A6A08B00E716F0 /* Particle.cpp */ = {isa = PBXFileReference; fileEncoding = 4; lastKnownFileType = sourcecode.cpp.cpp; path = Particle.cpp; sourceTree = "<group>"; };
		2C88900F11A6A08B00E716F0 /* Physics.cpp */ = {isa = PBXFileReference; fileEncoding = 4; lastKnownFileType = sourcecode.cpp.cpp; path = Physics.cpp; sourceTree = "<group>"; };
		2CB6AA9511A6CC9500983354 /* Space.h */ = {isa = PBXFileReference; fileEncoding = 4; lastKnownFileType = sourcecode.c.h; path = Space.h; sourceTree = "<group>"; };
		2CB6AAC611A6D1DD00983354 /* Behavioural.cpp */ = {isa = PBXFileReference; fileEncoding = 4; lastKnownFileType = sourcecode.cpp.cpp; path = Behavioural.cpp; sourceTree = "<group>"; };
		2CB6AB4A11A7375F00983354 /* IterationTest.cpp */ = {isa = PBXFileReference; fileEncoding = 4; lastKnownFileType = sourcecode.cpp.cpp; path = IterationTest.cpp; sourceTree = "<group>"; };
		2CB6AB6411A7378400983354 /* IterationTest */ = {isa = PBXFileReference; explicitFileType = "compiled.mach-o.executable"; includeInIndex = 0; path = IterationTest; sourceTree = BUILT_PRODUCTS_DIR; };
		2CB6ADB911A7D2DA00983354 /* IterationTestOpenMP.cpp */ = {isa = PBXFileReference; fileEncoding = 4; lastKnownFileType = sourcecode.cpp.cpp; path = IterationTestOpenMP.cpp; sourceTree = "<group>"; };
		2CB6ADCB11A7D2F000983354 /* IterationTestOpenMP */ = {isa = PBXFileReference; explicitFileType = "compiled.mach-o.executable"; includeInIndex = 0; path = IterationTestOpenMP; sourceTree = BUILT_PRODUCTS_DIR; };
		2CC1C94211AAAE930052C0B3 /* Spatial.h */ = {isa = PBXFileReference; fileEncoding = 4; lastKnownFileType = sourcecode.c.h; path = Spatial.h; sourceTree = "<group>"; };
		2CC1C94311AAAE930052C0B3 /* Spatial.cpp */ = {isa = PBXFileReference; fileEncoding = 4; lastKnownFileType = sourcecode.cpp.cpp; path = Spatial.cpp; sourceTree = "<group>"; };
		2CC1C97611AABF2D0052C0B3 /* AABB.h */ = {isa = PBXFileReference; fileEncoding = 4; lastKnownFileType = sourcecode.c.h; path = AABB.h; sourceTree = "<group>"; };
		2CC1C97711AABF2D0052C0B3 /* AABB.cpp */ = {isa = PBXFileReference; fileEncoding = 4; lastKnownFileType = sourcecode.cpp.cpp; path = AABB.cpp; sourceTree = "<group>"; };
		2CEFC56011A91881002362A9 /* Space.cpp */ = {isa = PBXFileReference; fileEncoding = 4; lastKnownFileType = sourcecode.cpp.cpp; path = Space.cpp; sourceTree = "<group>"; };
		2CEFC56B11A91B3B002362A9 /* BoundingVolume.h */ = {isa = PBXFileReference; fileEncoding = 4; lastKnownFileType = sourcecode.c.h; path = BoundingVolume.h; sourceTree = "<group>"; };
		32CA4F630368D1EE00C91783 /* FieldKit_Prefix.pch */ = {isa = PBXFileReference; fileEncoding = 4; lastKnownFileType = sourcecode.c.h; path = FieldKit_Prefix.pch; sourceTree = "<group>"; };
		5323E6B10EAFCA74003A9687 /* CoreVideo.framework */ = {isa = PBXFileReference; lastKnownFileType = wrapper.framework; name = CoreVideo.framework; path = /System/Library/Frameworks/CoreVideo.framework; sourceTree = "<absolute>"; };
		5323E6B50EAFCA7E003A9687 /* QTKit.framework */ = {isa = PBXFileReference; lastKnownFileType = wrapper.framework; name = QTKit.framework; path = /System/Library/Frameworks/QTKit.framework; sourceTree = "<absolute>"; };
		53E3CDFB0E86099300238D2B /* Carbon.framework */ = {isa = PBXFileReference; lastKnownFileType = wrapper.framework; name = Carbon.framework; path = /System/Library/Frameworks/Carbon.framework; sourceTree = "<absolute>"; };
		8D1107310486CEB800E47090 /* Info.plist */ = {isa = PBXFileReference; fileEncoding = 4; lastKnownFileType = text.plist.xml; path = Info.plist; sourceTree = "<group>"; };
		8D1107320486CEB800E47090 /* HelloParticles.app */ = {isa = PBXFileReference; explicitFileType = wrapper.application; includeInIndex = 0; path = HelloParticles.app; sourceTree = BUILT_PRODUCTS_DIR; };
/* End PBXFileReference section */

/* Begin PBXFrameworksBuildPhase section */
		2CB6AB6211A7378400983354 /* Frameworks */ = {
			isa = PBXFrameworksBuildPhase;
			buildActionMask = 2147483647;
			files = (
				2CB6AD3B11A73EFC00983354 /* Cocoa.framework in Frameworks */,
				2CB6AD3C11A73EFC00983354 /* OpenGL.framework in Frameworks */,
				2CB6AD3D11A73EFC00983354 /* Carbon.framework in Frameworks */,
				2CB6AD3E11A73EFC00983354 /* CoreVideo.framework in Frameworks */,
				2CB6AD3F11A73EFC00983354 /* QTKit.framework in Frameworks */,
				2CB6AD4011A73EFC00983354 /* QuickTime.framework in Frameworks */,
				2CB6AD4111A73EFC00983354 /* Accelerate.framework in Frameworks */,
				2CB6AD4211A73EFC00983354 /* AudioToolbox.framework in Frameworks */,
				2CB6AD4311A73EFC00983354 /* AudioUnit.framework in Frameworks */,
				2CB6AD4411A73EFC00983354 /* CoreAudio.framework in Frameworks */,
			);
			runOnlyForDeploymentPostprocessing = 0;
		};
		2CB6ADBD11A7D2F000983354 /* Frameworks */ = {
			isa = PBXFrameworksBuildPhase;
			buildActionMask = 2147483647;
			files = (
				2CB6ADBE11A7D2F000983354 /* Cocoa.framework in Frameworks */,
				2CB6ADBF11A7D2F000983354 /* OpenGL.framework in Frameworks */,
				2CB6ADC011A7D2F000983354 /* Carbon.framework in Frameworks */,
				2CB6ADC111A7D2F000983354 /* CoreVideo.framework in Frameworks */,
				2CB6ADC211A7D2F000983354 /* QTKit.framework in Frameworks */,
				2CB6ADC311A7D2F000983354 /* QuickTime.framework in Frameworks */,
				2CB6ADC411A7D2F000983354 /* Accelerate.framework in Frameworks */,
				2CB6ADC511A7D2F000983354 /* AudioToolbox.framework in Frameworks */,
				2CB6ADC611A7D2F000983354 /* AudioUnit.framework in Frameworks */,
				2CB6ADC711A7D2F000983354 /* CoreAudio.framework in Frameworks */,
			);
			runOnlyForDeploymentPostprocessing = 0;
		};
		8D11072E0486CEB800E47090 /* Frameworks */ = {
			isa = PBXFrameworksBuildPhase;
			buildActionMask = 2147483647;
			files = (
				8D11072F0486CEB800E47090 /* Cocoa.framework in Frameworks */,
				0091D8F90E81B9330029341E /* OpenGL.framework in Frameworks */,
				53E3CDFC0E86099300238D2B /* Carbon.framework in Frameworks */,
				5323E6B20EAFCA74003A9687 /* CoreVideo.framework in Frameworks */,
				5323E6B60EAFCA7E003A9687 /* QTKit.framework in Frameworks */,
				0097E3E50F3E9819005A4392 /* QuickTime.framework in Frameworks */,
				00B784B30FF439BC000DE1D7 /* Accelerate.framework in Frameworks */,
				00B784B40FF439BC000DE1D7 /* AudioToolbox.framework in Frameworks */,
				00B784B50FF439BC000DE1D7 /* AudioUnit.framework in Frameworks */,
				00B784B60FF439BC000DE1D7 /* CoreAudio.framework in Frameworks */,
			);
			runOnlyForDeploymentPostprocessing = 0;
		};
/* End PBXFrameworksBuildPhase section */

/* Begin PBXGroup section */
		080E96DDFE201D6D7F000001 /* Source */ = {
			isa = PBXGroup;
			children = (
				2C88900A11A6A08B00E716F0 /* fieldkit */,
				2C88901511A6A50E00E716F0 /* test */,
			);
			name = Source;
			sourceTree = "<group>";
		};
		1058C7A0FEA54F0111CA2CBB /* Linked Frameworks */ = {
			isa = PBXGroup;
			children = (
				00B784AF0FF439BC000DE1D7 /* Accelerate.framework */,
				00B784B00FF439BC000DE1D7 /* AudioToolbox.framework */,
				00B784B10FF439BC000DE1D7 /* AudioUnit.framework */,
				00B784B20FF439BC000DE1D7 /* CoreAudio.framework */,
				0097E3E40F3E9819005A4392 /* QuickTime.framework */,
				5323E6B50EAFCA7E003A9687 /* QTKit.framework */,
				5323E6B10EAFCA74003A9687 /* CoreVideo.framework */,
				53E3CDFB0E86099300238D2B /* Carbon.framework */,
				0091D8F80E81B9330029341E /* OpenGL.framework */,
				1058C7A1FEA54F0111CA2CBB /* Cocoa.framework */,
			);
			name = "Linked Frameworks";
			sourceTree = "<group>";
		};
		1058C7A2FEA54F0111CA2CBB /* Other Frameworks */ = {
			isa = PBXGroup;
			children = (
				29B97324FDCFA39411CA2CEA /* AppKit.framework */,
				13E42FB307B3F0F600E4EEF1 /* CoreData.framework */,
				29B97325FDCFA39411CA2CEA /* Foundation.framework */,
			);
			name = "Other Frameworks";
			sourceTree = "<group>";
		};
		19C28FACFE9D520D11CA2CBB /* Products */ = {
			isa = PBXGroup;
			children = (
				8D1107320486CEB800E47090 /* HelloParticles.app */,
				2CB6AB6411A7378400983354 /* IterationTest */,
				2CB6ADCB11A7D2F000983354 /* IterationTestOpenMP */,
			);
			name = Products;
			sourceTree = "<group>";
		};
		29B97314FDCFA39411CA2CEA /* FieldKit */ = {
			isa = PBXGroup;
			children = (
				29B97315FDCFA39411CA2CEA /* Headers */,
				080E96DDFE201D6D7F000001 /* Source */,
				29B97317FDCFA39411CA2CEA /* Resources */,
				29B97323FDCFA39411CA2CEA /* Frameworks */,
				19C28FACFE9D520D11CA2CBB /* Products */,
			);
			name = FieldKit;
			sourceTree = "<group>";
		};
		29B97315FDCFA39411CA2CEA /* Headers */ = {
			isa = PBXGroup;
			children = (
				2C88900211A6A07E00E716F0 /* fieldkit */,
				32CA4F630368D1EE00C91783 /* FieldKit_Prefix.pch */,
			);
			name = Headers;
			sourceTree = "<group>";
		};
		29B97317FDCFA39411CA2CEA /* Resources */ = {
			isa = PBXGroup;
			children = (
				8D1107310486CEB800E47090 /* Info.plist */,
				00CCAF14116A9FEE008396D5 /* CinderApp.icns */,
			);
			name = Resources;
			sourceTree = "<group>";
		};
		29B97323FDCFA39411CA2CEA /* Frameworks */ = {
			isa = PBXGroup;
			children = (
				1058C7A0FEA54F0111CA2CBB /* Linked Frameworks */,
				1058C7A2FEA54F0111CA2CBB /* Other Frameworks */,
			);
			name = Frameworks;
			sourceTree = "<group>";
		};
		2C88900211A6A07E00E716F0 /* fieldkit */ = {
			isa = PBXGroup;
			children = (
				2C88900311A6A07E00E716F0 /* FieldKit.h */,
				2C094C6111AAF46B0018103A /* Logger.h */,
				2CEFC56911A91B29002362A9 /* math */,
				2C88900411A6A07E00E716F0 /* physics */,
			);
			name = fieldkit;
			path = ../include/fieldkit;
			sourceTree = SOURCE_ROOT;
		};
		2C88900411A6A07E00E716F0 /* physics */ = {
			isa = PBXGroup;
			children = (
				2CB6AA9511A6CC9500983354 /* Space.h */,
				2CC1C94211AAAE930052C0B3 /* Spatial.h */,
				2C88900D11A6A08B00E716F0 /* Emitter.h */,
				2C88900511A6A07E00E716F0 /* Behaviour.h */,
				2C88900611A6A07E00E716F0 /* Behavioural.h */,
				2C88900711A6A07E00E716F0 /* Constraint.h */,
				2C88900811A6A07E00E716F0 /* Particle.h */,
				2C88900911A6A07E00E716F0 /* Physics.h */,
			);
			path = physics;
			sourceTree = "<group>";
		};
		2C88900A11A6A08B00E716F0 /* fieldkit */ = {
			isa = PBXGroup;
			children = (
				2CEFC56711A91B1E002362A9 /* math */,
				2C88900B11A6A08B00E716F0 /* physics */,
			);
			name = fieldkit;
			path = ../src/fieldkit;
			sourceTree = SOURCE_ROOT;
		};
		2C88900B11A6A08B00E716F0 /* physics */ = {
			isa = PBXGroup;
			children = (
				2CC1C94311AAAE930052C0B3 /* Spatial.cpp */,
				2CEFC56011A91881002362A9 /* Space.cpp */,
				2C88900C11A6A08B00E716F0 /* Emitter.cpp */,
				2C88900E11A6A08B00E716F0 /* Particle.cpp */,
				2C88900F11A6A08B00E716F0 /* Physics.cpp */,
				2CB6AAC611A6D1DD00983354 /* Behavioural.cpp */,
			);
			path = physics;
			sourceTree = "<group>";
		};
		2C88901511A6A50E00E716F0 /* test */ = {
			isa = PBXGroup;
			children = (
				2C88901611A6A50E00E716F0 /* physics */,
			);
			name = test;
			path = ../src/test;
			sourceTree = SOURCE_ROOT;
		};
		2C88901611A6A50E00E716F0 /* physics */ = {
			isa = PBXGroup;
			children = (
				00BAE6590E7ED9C10018A608 /* HelloParticlesApp.cpp */,
				2CB6AB4A11A7375F00983354 /* IterationTest.cpp */,
				2CB6ADB911A7D2DA00983354 /* IterationTestOpenMP.cpp */,
			);
			path = physics;
			sourceTree = "<group>";
		};
		2CEFC56711A91B1E002362A9 /* math */ = {
			isa = PBXGroup;
			children = (
				2CC1C97711AABF2D0052C0B3 /* AABB.cpp */,
				2C094C7611AAF63E0018103A /* BoundingVolume.cpp */,
			);
			path = math;
			sourceTree = "<group>";
		};
		2CEFC56911A91B29002362A9 /* math */ = {
			isa = PBXGroup;
			children = (
				2CEFC56B11A91B3B002362A9 /* BoundingVolume.h */,
				2CC1C97611AABF2D0052C0B3 /* AABB.h */,
			);
			path = math;
			sourceTree = "<group>";
		};
/* End PBXGroup section */

/* Begin PBXNativeTarget section */
		2CB6AB6311A7378400983354 /* IterationTest */ = {
			isa = PBXNativeTarget;
			buildConfigurationList = 2CB6AB6911A737AD00983354 /* Build configuration list for PBXNativeTarget "IterationTest" */;
			buildPhases = (
				2CB6AB6111A7378400983354 /* Sources */,
				2CB6AB6211A7378400983354 /* Frameworks */,
			);
			buildRules = (
			);
			dependencies = (
			);
			name = IterationTest;
			productName = IterationTest;
			productReference = 2CB6AB6411A7378400983354 /* IterationTest */;
			productType = "com.apple.product-type.tool";
		};
		2CB6ADBA11A7D2F000983354 /* IterationTestOpenMP */ = {
			isa = PBXNativeTarget;
			buildConfigurationList = 2CB6ADC811A7D2F000983354 /* Build configuration list for PBXNativeTarget "IterationTestOpenMP" */;
			buildPhases = (
				2CB6ADBB11A7D2F000983354 /* Sources */,
				2CB6ADBD11A7D2F000983354 /* Frameworks */,
			);
			buildRules = (
			);
			dependencies = (
			);
			name = IterationTestOpenMP;
			productName = IterationTest;
			productReference = 2CB6ADCB11A7D2F000983354 /* IterationTestOpenMP */;
			productType = "com.apple.product-type.tool";
		};
		8D1107260486CEB800E47090 /* HelloParticles */ = {
			isa = PBXNativeTarget;
			buildConfigurationList = C01FCF4A08A954540054247B /* Build configuration list for PBXNativeTarget "HelloParticles" */;
			buildPhases = (
				8D1107290486CEB800E47090 /* Resources */,
				8D11072C0486CEB800E47090 /* Sources */,
				8D11072E0486CEB800E47090 /* Frameworks */,
			);
			buildRules = (
			);
			dependencies = (
			);
			name = HelloParticles;
			productInstallPath = "$(HOME)/Applications";
			productName = FieldKit;
			productReference = 8D1107320486CEB800E47090 /* HelloParticles.app */;
			productType = "com.apple.product-type.application";
		};
/* End PBXNativeTarget section */

/* Begin PBXProject section */
		29B97313FDCFA39411CA2CEA /* Project object */ = {
			isa = PBXProject;
			buildConfigurationList = C01FCF4E08A954540054247B /* Build configuration list for PBXProject "FieldKit" */;
			compatibilityVersion = "Xcode 3.0";
			hasScannedForEncodings = 1;
			mainGroup = 29B97314FDCFA39411CA2CEA /* FieldKit */;
			projectDirPath = "";
			projectRoot = "";
			targets = (
				8D1107260486CEB800E47090 /* HelloParticles */,
				2C88901811A6A56500E716F0 /* Tests */,
				2CB6AB6311A7378400983354 /* IterationTest */,
				2CB6ADBA11A7D2F000983354 /* IterationTestOpenMP */,
			);
		};
/* End PBXProject section */

/* Begin PBXResourcesBuildPhase section */
		8D1107290486CEB800E47090 /* Resources */ = {
			isa = PBXResourcesBuildPhase;
			buildActionMask = 2147483647;
			files = (
				00CCAF15116A9FEE008396D5 /* CinderApp.icns in Resources */,
			);
			runOnlyForDeploymentPostprocessing = 0;
		};
/* End PBXResourcesBuildPhase section */

/* Begin PBXSourcesBuildPhase section */
		2CB6AB6111A7378400983354 /* Sources */ = {
			isa = PBXSourcesBuildPhase;
			buildActionMask = 2147483647;
			files = (
				2CB6AB6811A7378F00983354 /* IterationTest.cpp in Sources */,
			);
			runOnlyForDeploymentPostprocessing = 0;
		};
		2CB6ADBB11A7D2F000983354 /* Sources */ = {
			isa = PBXSourcesBuildPhase;
			buildActionMask = 2147483647;
			files = (
				2CB6ADCD11A7D31900983354 /* IterationTestOpenMP.cpp in Sources */,
			);
			runOnlyForDeploymentPostprocessing = 0;
		};
		8D11072C0486CEB800E47090 /* Sources */ = {
			isa = PBXSourcesBuildPhase;
			buildActionMask = 2147483647;
			files = (
				00BAE65A0E7ED9C10018A608 /* HelloParticlesApp.cpp in Sources */,
				2C88901011A6A08B00E716F0 /* Emitter.cpp in Sources */,
				2C88901111A6A08B00E716F0 /* Particle.cpp in Sources */,
				2C88901211A6A08B00E716F0 /* Physics.cpp in Sources */,
				2CB6AAC711A6D1DD00983354 /* Behavioural.cpp in Sources */,
				2CEFC56111A91881002362A9 /* Space.cpp in Sources */,
				2CC1C94411AAAE930052C0B3 /* Spatial.cpp in Sources */,
				2CC1C97811AABF2D0052C0B3 /* AABB.cpp in Sources */,
				2C094C7711AAF63E0018103A /* BoundingVolume.cpp in Sources */,
			);
			runOnlyForDeploymentPostprocessing = 0;
		};
/* End PBXSourcesBuildPhase section */

/* Begin PBXTargetDependency section */
		2C88901C11A6A56900E716F0 /* PBXTargetDependency */ = {
			isa = PBXTargetDependency;
			target = 8D1107260486CEB800E47090 /* HelloParticles */;
			targetProxy = 2C88901B11A6A56900E716F0 /* PBXContainerItemProxy */;
		};
/* End PBXTargetDependency section */

/* Begin XCBuildConfiguration section */
		2C88901911A6A56500E716F0 /* Debug */ = {
			isa = XCBuildConfiguration;
			buildSettings = {
				COPY_PHASE_STRIP = NO;
				GCC_DYNAMIC_NO_PIC = NO;
				GCC_OPTIMIZATION_LEVEL = 0;
				PRODUCT_NAME = Tests;
			};
			name = Debug;
		};
		2C88901A11A6A56500E716F0 /* Release */ = {
			isa = XCBuildConfiguration;
			buildSettings = {
				COPY_PHASE_STRIP = YES;
				DEBUG_INFORMATION_FORMAT = "dwarf-with-dsym";
				GCC_ENABLE_FIX_AND_CONTINUE = NO;
				PRODUCT_NAME = Tests;
				ZERO_LINK = NO;
			};
			name = Release;
		};
		2CB6AB6611A7378400983354 /* Debug */ = {
			isa = XCBuildConfiguration;
			buildSettings = {
				ALWAYS_SEARCH_USER_PATHS = NO;
				CINDER_PATH = ../../../Libraries/cinder;
				COPY_PHASE_STRIP = NO;
				ENABLE_OPENMP_SUPPORT = YES;
				GCC_DYNAMIC_NO_PIC = NO;
				GCC_ENABLE_FIX_AND_CONTINUE = YES;
				GCC_MODEL_TUNING = G5;
				GCC_OPTIMIZATION_LEVEL = 0;
				INSTALL_PATH = /usr/local/bin;
				OTHER_LDFLAGS = (
					"\"$(CINDER_PATH)/lib/libcinder_d.a\"",
					"-lcurl",
				);
				PREBINDING = NO;
				PRODUCT_NAME = IterationTest;
			};
			name = Debug;
		};
		2CB6AB6711A7378400983354 /* Release */ = {
			isa = XCBuildConfiguration;
			buildSettings = {
				ALWAYS_SEARCH_USER_PATHS = NO;
				CINDER_PATH = ../../../Libraries/cinder;
				COPY_PHASE_STRIP = YES;
				DEBUG_INFORMATION_FORMAT = "dwarf-with-dsym";
				ENABLE_OPENMP_SUPPORT = YES;
				GCC_ENABLE_FIX_AND_CONTINUE = NO;
				GCC_MODEL_TUNING = G5;
				GCC_OPTIMIZATION_LEVEL = 3;
				INSTALL_PATH = /usr/local/bin;
				OTHER_LDFLAGS = (
					"\"$(CINDER_PATH)/lib/libcinder.a\"",
					"-lcurl",
				);
				PREBINDING = NO;
				PRODUCT_NAME = IterationTest;
				ZERO_LINK = NO;
			};
			name = Release;
		};
		2CB6ADC911A7D2F000983354 /* Debug */ = {
			isa = XCBuildConfiguration;
			buildSettings = {
				ALWAYS_SEARCH_USER_PATHS = NO;
				CINDER_PATH = ../../../Libraries/cinder;
				COPY_PHASE_STRIP = NO;
				ENABLE_OPENMP_SUPPORT = YES;
				GCC_DYNAMIC_NO_PIC = NO;
				GCC_ENABLE_FIX_AND_CONTINUE = YES;
				GCC_MODEL_TUNING = G5;
				GCC_OPTIMIZATION_LEVEL = 0;
				INSTALL_PATH = /usr/local/bin;
				OTHER_LDFLAGS = (
					"\\\"$(CINDER_PATH)/lib/libcinder_d.a\\\"",
					"-lcurl",
				);
				PREBINDING = NO;
				PRODUCT_NAME = IterationTestOpenMP;
			};
			name = Debug;
		};
		2CB6ADCA11A7D2F000983354 /* Release */ = {
			isa = XCBuildConfiguration;
			buildSettings = {
				ALWAYS_SEARCH_USER_PATHS = NO;
				CINDER_PATH = ../../../Libraries/cinder;
				COPY_PHASE_STRIP = YES;
				DEBUG_INFORMATION_FORMAT = "dwarf-with-dsym";
				ENABLE_OPENMP_SUPPORT = YES;
				GCC_ENABLE_FIX_AND_CONTINUE = NO;
				GCC_MODEL_TUNING = G5;
				GCC_OPTIMIZATION_LEVEL = 3;
				INSTALL_PATH = /usr/local/bin;
				OTHER_LDFLAGS = (
					"\"$(CINDER_PATH)/lib/libcinder.a\"",
					"-lcurl",
				);
				PREBINDING = NO;
				PRODUCT_NAME = IterationTestOpenMP;
				ZERO_LINK = NO;
			};
			name = Release;
		};
		C01FCF4B08A954540054247B /* Debug */ = {
			isa = XCBuildConfiguration;
			buildSettings = {
				CINDER_PATH = ../../../Libraries/cinder;
				COPY_PHASE_STRIP = NO;
				GCC_DYNAMIC_NO_PIC = NO;
				GCC_ENABLE_FIX_AND_CONTINUE = YES;
				GCC_INLINES_ARE_PRIVATE_EXTERN = NO;
				GCC_MODEL_TUNING = G5;
				GCC_OPTIMIZATION_LEVEL = 0;
				GCC_PRECOMPILE_PREFIX_HEADER = YES;
				GCC_PREFIX_HEADER = FieldKit_Prefix.pch;
				INFOPLIST_FILE = Info.plist;
				INSTALL_PATH = "$(HOME)/Applications";
				OTHER_LDFLAGS = (
					"\"$(CINDER_PATH)/lib/libcinder_d.a\"",
					"-lcurl",
				);
				PRODUCT_NAME = HelloParticles;
				WRAPPER_EXTENSION = app;
			};
			name = Debug;
		};
		C01FCF4C08A954540054247B /* Release */ = {
			isa = XCBuildConfiguration;
			buildSettings = {
				CINDER_PATH = ../../../Libraries/cinder;
				DEAD_CODE_STRIPPING = YES;
				DEBUG_INFORMATION_FORMAT = "dwarf-with-dsym";
				GCC_FAST_MATH = YES;
				GCC_GENERATE_DEBUGGING_SYMBOLS = NO;
				GCC_INLINES_ARE_PRIVATE_EXTERN = NO;
				GCC_MODEL_TUNING = G5;
				GCC_OPTIMIZATION_LEVEL = 3;
				GCC_PRECOMPILE_PREFIX_HEADER = YES;
				GCC_PREFIX_HEADER = FieldKit_Prefix.pch;
				INFOPLIST_FILE = Info.plist;
				INSTALL_PATH = "$(HOME)/Applications";
				OTHER_LDFLAGS = (
					"\"$(CINDER_PATH)/lib/libcinder.a\"",
					"-lcurl",
				);
				PRODUCT_NAME = HelloParticles;
				STRIP_INSTALLED_PRODUCT = YES;
				WRAPPER_EXTENSION = app;
			};
			name = Release;
		};
		C01FCF4F08A954540054247B /* Debug */ = {
			isa = XCBuildConfiguration;
			buildSettings = {
				ALWAYS_SEARCH_USER_PATHS = NO;
				ARCHS = i386;
				CINDER_PATH = ../../../Libraries/cinder_0.8.0_mac;
				GCC_WARN_ABOUT_RETURN_TYPE = YES;
				GCC_WARN_UNUSED_VARIABLE = YES;
				HEADER_SEARCH_PATHS = "\"$(CINDER_PATH)/boost\"";
				PREBINDING = NO;
				SDKROOT = "$(DEVELOPER_SDK_DIR)/MacOSX10.5.sdk";
				USER_HEADER_SEARCH_PATHS = "\"$(CINDER_PATH)/include\" ../include";
			};
			name = Debug;
		};
		C01FCF5008A954540054247B /* Release */ = {
			isa = XCBuildConfiguration;
			buildSettings = {
				ALWAYS_SEARCH_USER_PATHS = NO;
				ARCHS = i386;
				CINDER_PATH = ../../../Libraries/cinder_0.8.0_mac;
				GCC_WARN_ABOUT_RETURN_TYPE = YES;
				GCC_WARN_UNUSED_VARIABLE = YES;
				HEADER_SEARCH_PATHS = "\"$(CINDER_PATH)/boost\"";
				PREBINDING = NO;
				SDKROOT = "$(DEVELOPER_SDK_DIR)/MacOSX10.5.sdk";
				USER_HEADER_SEARCH_PATHS = "\"$(CINDER_PATH)/include\" ../include";
			};
			name = Release;
		};
/* End XCBuildConfiguration section */

/* Begin XCConfigurationList section */
		2C88901D11A6A59400E716F0 /* Build configuration list for PBXAggregateTarget "Tests" */ = {
			isa = XCConfigurationList;
			buildConfigurations = (
				2C88901911A6A56500E716F0 /* Debug */,
				2C88901A11A6A56500E716F0 /* Release */,
			);
			defaultConfigurationIsVisible = 0;
			defaultConfigurationName = Release;
		};
		2CB6AB6911A737AD00983354 /* Build configuration list for PBXNativeTarget "IterationTest" */ = {
			isa = XCConfigurationList;
			buildConfigurations = (
				2CB6AB6611A7378400983354 /* Debug */,
				2CB6AB6711A7378400983354 /* Release */,
			);
			defaultConfigurationIsVisible = 0;
			defaultConfigurationName = Release;
		};
		2CB6ADC811A7D2F000983354 /* Build configuration list for PBXNativeTarget "IterationTestOpenMP" */ = {
			isa = XCConfigurationList;
			buildConfigurations = (
				2CB6ADC911A7D2F000983354 /* Debug */,
				2CB6ADCA11A7D2F000983354 /* Release */,
			);
			defaultConfigurationIsVisible = 0;
			defaultConfigurationName = Release;
		};
		C01FCF4A08A954540054247B /* Build configuration list for PBXNativeTarget "HelloParticles" */ = {
			isa = XCConfigurationList;
			buildConfigurations = (
				C01FCF4B08A954540054247B /* Debug */,
				C01FCF4C08A954540054247B /* Release */,
			);
			defaultConfigurationIsVisible = 0;
			defaultConfigurationName = Release;
		};
		C01FCF4E08A954540054247B /* Build configuration list for PBXProject "FieldKit" */ = {
			isa = XCConfigurationList;
			buildConfigurations = (
				C01FCF4F08A954540054247B /* Debug */,
				C01FCF5008A954540054247B /* Release */,
			);
			defaultConfigurationIsVisible = 0;
			defaultConfigurationName = Release;
		};
/* End XCConfigurationList section */
	};
	rootObject = 29B97313FDCFA39411CA2CEA /* Project object */;
}
